// !$*UTF8*$!
{
	archiveVersion = 1;
	classes = {
	};
	objectVersion = 46;
	objects = {

/* Begin PBXBuildFile section */
		71D4112D1DF464AF006B0694 /* AppDelegate.swift in Sources */ = {isa = PBXBuildFile; fileRef = 71D4112C1DF464AF006B0694 /* AppDelegate.swift */; };
		71D4112F1DF464AF006B0694 /* ViewController.swift in Sources */ = {isa = PBXBuildFile; fileRef = 71D4112E1DF464AF006B0694 /* ViewController.swift */; };
		71D411321DF464AF006B0694 /* Main.storyboard in Resources */ = {isa = PBXBuildFile; fileRef = 71D411301DF464AF006B0694 /* Main.storyboard */; };
		71D411341DF464AF006B0694 /* Assets.xcassets in Resources */ = {isa = PBXBuildFile; fileRef = 71D411331DF464AF006B0694 /* Assets.xcassets */; };
		71D411371DF464AF006B0694 /* LaunchScreen.storyboard in Resources */ = {isa = PBXBuildFile; fileRef = 71D411351DF464AF006B0694 /* LaunchScreen.storyboard */; };
		71D411421DF464AF006B0694 /* AmbrogioTests.swift in Sources */ = {isa = PBXBuildFile; fileRef = 71D411411DF464AF006B0694 /* AmbrogioTests.swift */; };
		71D4114D1DF46913006B0694 /* AccessToken.swift in Sources */ = {isa = PBXBuildFile; fileRef = 71D4114C1DF46913006B0694 /* AccessToken.swift */; };
		71D411501DF47293006B0694 /* ViewController.swift in Sources */ = {isa = PBXBuildFile; fileRef = 71D4112E1DF464AF006B0694 /* ViewController.swift */; };
		71D411511DF47293006B0694 /* AppDelegate.swift in Sources */ = {isa = PBXBuildFile; fileRef = 71D4112C1DF464AF006B0694 /* AppDelegate.swift */; };
		71D411521DF47293006B0694 /* AccessToken.swift in Sources */ = {isa = PBXBuildFile; fileRef = 71D4114C1DF46913006B0694 /* AccessToken.swift */; };
		71D411551DF47293006B0694 /* LaunchScreen.storyboard in Resources */ = {isa = PBXBuildFile; fileRef = 71D411351DF464AF006B0694 /* LaunchScreen.storyboard */; };
		71D411561DF47293006B0694 /* Assets.xcassets in Resources */ = {isa = PBXBuildFile; fileRef = 71D411331DF464AF006B0694 /* Assets.xcassets */; };
		71D411571DF47293006B0694 /* Main.storyboard in Resources */ = {isa = PBXBuildFile; fileRef = 71D411301DF464AF006B0694 /* Main.storyboard */; };
		71D4116E1DF477B0006B0694 /* ViewController.swift in Sources */ = {isa = PBXBuildFile; fileRef = 71D4112E1DF464AF006B0694 /* ViewController.swift */; };
		71D4116F1DF477B0006B0694 /* AppDelegate.swift in Sources */ = {isa = PBXBuildFile; fileRef = 71D4112C1DF464AF006B0694 /* AppDelegate.swift */; };
		71D411701DF477B0006B0694 /* AccessToken.swift in Sources */ = {isa = PBXBuildFile; fileRef = 71D4114C1DF46913006B0694 /* AccessToken.swift */; };
		71D411731DF477B0006B0694 /* LaunchScreen.storyboard in Resources */ = {isa = PBXBuildFile; fileRef = 71D411351DF464AF006B0694 /* LaunchScreen.storyboard */; };
		71D411741DF477B0006B0694 /* Assets.xcassets in Resources */ = {isa = PBXBuildFile; fileRef = 71D411331DF464AF006B0694 /* Assets.xcassets */; };
		71D411751DF477B0006B0694 /* Main.storyboard in Resources */ = {isa = PBXBuildFile; fileRef = 71D411301DF464AF006B0694 /* Main.storyboard */; };
		71D4117D1DF47820006B0694 /* ViewController.swift in Sources */ = {isa = PBXBuildFile; fileRef = 71D4112E1DF464AF006B0694 /* ViewController.swift */; };
		71D4117E1DF47820006B0694 /* AppDelegate.swift in Sources */ = {isa = PBXBuildFile; fileRef = 71D4112C1DF464AF006B0694 /* AppDelegate.swift */; };
		71D4117F1DF47820006B0694 /* AccessToken.swift in Sources */ = {isa = PBXBuildFile; fileRef = 71D4114C1DF46913006B0694 /* AccessToken.swift */; };
		71D411821DF47820006B0694 /* LaunchScreen.storyboard in Resources */ = {isa = PBXBuildFile; fileRef = 71D411351DF464AF006B0694 /* LaunchScreen.storyboard */; };
		71D411831DF47820006B0694 /* Assets.xcassets in Resources */ = {isa = PBXBuildFile; fileRef = 71D411331DF464AF006B0694 /* Assets.xcassets */; };
		71D411841DF47820006B0694 /* Main.storyboard in Resources */ = {isa = PBXBuildFile; fileRef = 71D411301DF464AF006B0694 /* Main.storyboard */; };
		71D4118C1DF47879006B0694 /* ViewController.swift in Sources */ = {isa = PBXBuildFile; fileRef = 71D4112E1DF464AF006B0694 /* ViewController.swift */; };
		71D4118D1DF47879006B0694 /* AppDelegate.swift in Sources */ = {isa = PBXBuildFile; fileRef = 71D4112C1DF464AF006B0694 /* AppDelegate.swift */; };
		71D4118E1DF47879006B0694 /* AccessToken.swift in Sources */ = {isa = PBXBuildFile; fileRef = 71D4114C1DF46913006B0694 /* AccessToken.swift */; };
		71D411911DF47879006B0694 /* LaunchScreen.storyboard in Resources */ = {isa = PBXBuildFile; fileRef = 71D411351DF464AF006B0694 /* LaunchScreen.storyboard */; };
		71D411921DF47879006B0694 /* Assets.xcassets in Resources */ = {isa = PBXBuildFile; fileRef = 71D411331DF464AF006B0694 /* Assets.xcassets */; };
		71D411931DF47879006B0694 /* Main.storyboard in Resources */ = {isa = PBXBuildFile; fileRef = 71D411301DF464AF006B0694 /* Main.storyboard */; };
		71D4119B1DF47A0A006B0694 /* ViewController.swift in Sources */ = {isa = PBXBuildFile; fileRef = 71D4112E1DF464AF006B0694 /* ViewController.swift */; };
		71D4119C1DF47A0A006B0694 /* AppDelegate.swift in Sources */ = {isa = PBXBuildFile; fileRef = 71D4112C1DF464AF006B0694 /* AppDelegate.swift */; };
		71D4119D1DF47A0A006B0694 /* AccessToken.swift in Sources */ = {isa = PBXBuildFile; fileRef = 71D4114C1DF46913006B0694 /* AccessToken.swift */; };
		71D411A01DF47A0A006B0694 /* LaunchScreen.storyboard in Resources */ = {isa = PBXBuildFile; fileRef = 71D411351DF464AF006B0694 /* LaunchScreen.storyboard */; };
		71D411A11DF47A0A006B0694 /* Assets.xcassets in Resources */ = {isa = PBXBuildFile; fileRef = 71D411331DF464AF006B0694 /* Assets.xcassets */; };
		71D411A21DF47A0A006B0694 /* Main.storyboard in Resources */ = {isa = PBXBuildFile; fileRef = 71D411301DF464AF006B0694 /* Main.storyboard */; };
		71D411AA1DF47AB8006B0694 /* ViewController.swift in Sources */ = {isa = PBXBuildFile; fileRef = 71D4112E1DF464AF006B0694 /* ViewController.swift */; };
		71D411AB1DF47AB8006B0694 /* AppDelegate.swift in Sources */ = {isa = PBXBuildFile; fileRef = 71D4112C1DF464AF006B0694 /* AppDelegate.swift */; };
		71D411AC1DF47AB8006B0694 /* AccessToken.swift in Sources */ = {isa = PBXBuildFile; fileRef = 71D4114C1DF46913006B0694 /* AccessToken.swift */; };
		71D411AF1DF47AB8006B0694 /* LaunchScreen.storyboard in Resources */ = {isa = PBXBuildFile; fileRef = 71D411351DF464AF006B0694 /* LaunchScreen.storyboard */; };
		71D411B01DF47AB8006B0694 /* Assets.xcassets in Resources */ = {isa = PBXBuildFile; fileRef = 71D411331DF464AF006B0694 /* Assets.xcassets */; };
		71D411B11DF47AB8006B0694 /* Main.storyboard in Resources */ = {isa = PBXBuildFile; fileRef = 71D411301DF464AF006B0694 /* Main.storyboard */; };
		71D411B91DF47B0E006B0694 /* ViewController.swift in Sources */ = {isa = PBXBuildFile; fileRef = 71D4112E1DF464AF006B0694 /* ViewController.swift */; };
		71D411BA1DF47B0E006B0694 /* AppDelegate.swift in Sources */ = {isa = PBXBuildFile; fileRef = 71D4112C1DF464AF006B0694 /* AppDelegate.swift */; };
		71D411BB1DF47B0E006B0694 /* AccessToken.swift in Sources */ = {isa = PBXBuildFile; fileRef = 71D4114C1DF46913006B0694 /* AccessToken.swift */; };
		71D411BE1DF47B0E006B0694 /* LaunchScreen.storyboard in Resources */ = {isa = PBXBuildFile; fileRef = 71D411351DF464AF006B0694 /* LaunchScreen.storyboard */; };
		71D411BF1DF47B0E006B0694 /* Assets.xcassets in Resources */ = {isa = PBXBuildFile; fileRef = 71D411331DF464AF006B0694 /* Assets.xcassets */; };
		71D411C01DF47B0E006B0694 /* Main.storyboard in Resources */ = {isa = PBXBuildFile; fileRef = 71D411301DF464AF006B0694 /* Main.storyboard */; };
		71D411C81DF47B60006B0694 /* ViewController.swift in Sources */ = {isa = PBXBuildFile; fileRef = 71D4112E1DF464AF006B0694 /* ViewController.swift */; };
		71D411C91DF47B60006B0694 /* AppDelegate.swift in Sources */ = {isa = PBXBuildFile; fileRef = 71D4112C1DF464AF006B0694 /* AppDelegate.swift */; };
		71D411CA1DF47B60006B0694 /* AccessToken.swift in Sources */ = {isa = PBXBuildFile; fileRef = 71D4114C1DF46913006B0694 /* AccessToken.swift */; };
		71D411CD1DF47B60006B0694 /* LaunchScreen.storyboard in Resources */ = {isa = PBXBuildFile; fileRef = 71D411351DF464AF006B0694 /* LaunchScreen.storyboard */; };
		71D411CE1DF47B60006B0694 /* Assets.xcassets in Resources */ = {isa = PBXBuildFile; fileRef = 71D411331DF464AF006B0694 /* Assets.xcassets */; };
		71D411CF1DF47B60006B0694 /* Main.storyboard in Resources */ = {isa = PBXBuildFile; fileRef = 71D411301DF464AF006B0694 /* Main.storyboard */; };
		71D411D71DF47BD7006B0694 /* ViewController.swift in Sources */ = {isa = PBXBuildFile; fileRef = 71D4112E1DF464AF006B0694 /* ViewController.swift */; };
		71D411D81DF47BD7006B0694 /* AppDelegate.swift in Sources */ = {isa = PBXBuildFile; fileRef = 71D4112C1DF464AF006B0694 /* AppDelegate.swift */; };
		71D411D91DF47BD7006B0694 /* AccessToken.swift in Sources */ = {isa = PBXBuildFile; fileRef = 71D4114C1DF46913006B0694 /* AccessToken.swift */; };
		71D411DC1DF47BD7006B0694 /* LaunchScreen.storyboard in Resources */ = {isa = PBXBuildFile; fileRef = 71D411351DF464AF006B0694 /* LaunchScreen.storyboard */; };
		71D411DD1DF47BD7006B0694 /* Assets.xcassets in Resources */ = {isa = PBXBuildFile; fileRef = 71D411331DF464AF006B0694 /* Assets.xcassets */; };
		71D411DE1DF47BD7006B0694 /* Main.storyboard in Resources */ = {isa = PBXBuildFile; fileRef = 71D411301DF464AF006B0694 /* Main.storyboard */; };
		71D411E61DF47C36006B0694 /* ViewController.swift in Sources */ = {isa = PBXBuildFile; fileRef = 71D4112E1DF464AF006B0694 /* ViewController.swift */; };
		71D411E71DF47C36006B0694 /* AppDelegate.swift in Sources */ = {isa = PBXBuildFile; fileRef = 71D4112C1DF464AF006B0694 /* AppDelegate.swift */; };
		71D411E81DF47C36006B0694 /* AccessToken.swift in Sources */ = {isa = PBXBuildFile; fileRef = 71D4114C1DF46913006B0694 /* AccessToken.swift */; };
		71D411EB1DF47C36006B0694 /* LaunchScreen.storyboard in Resources */ = {isa = PBXBuildFile; fileRef = 71D411351DF464AF006B0694 /* LaunchScreen.storyboard */; };
		71D411EC1DF47C36006B0694 /* Assets.xcassets in Resources */ = {isa = PBXBuildFile; fileRef = 71D411331DF464AF006B0694 /* Assets.xcassets */; };
		71D411ED1DF47C36006B0694 /* Main.storyboard in Resources */ = {isa = PBXBuildFile; fileRef = 71D411301DF464AF006B0694 /* Main.storyboard */; };
		71D411F51DF47CA1006B0694 /* ViewController.swift in Sources */ = {isa = PBXBuildFile; fileRef = 71D4112E1DF464AF006B0694 /* ViewController.swift */; };
		71D411F61DF47CA1006B0694 /* AppDelegate.swift in Sources */ = {isa = PBXBuildFile; fileRef = 71D4112C1DF464AF006B0694 /* AppDelegate.swift */; };
		71D411F71DF47CA1006B0694 /* AccessToken.swift in Sources */ = {isa = PBXBuildFile; fileRef = 71D4114C1DF46913006B0694 /* AccessToken.swift */; };
		71D411FA1DF47CA1006B0694 /* LaunchScreen.storyboard in Resources */ = {isa = PBXBuildFile; fileRef = 71D411351DF464AF006B0694 /* LaunchScreen.storyboard */; };
		71D411FB1DF47CA1006B0694 /* Assets.xcassets in Resources */ = {isa = PBXBuildFile; fileRef = 71D411331DF464AF006B0694 /* Assets.xcassets */; };
		71D411FC1DF47CA1006B0694 /* Main.storyboard in Resources */ = {isa = PBXBuildFile; fileRef = 71D411301DF464AF006B0694 /* Main.storyboard */; };
		71D412041DF47CE6006B0694 /* ViewController.swift in Sources */ = {isa = PBXBuildFile; fileRef = 71D4112E1DF464AF006B0694 /* ViewController.swift */; };
		71D412051DF47CE6006B0694 /* AppDelegate.swift in Sources */ = {isa = PBXBuildFile; fileRef = 71D4112C1DF464AF006B0694 /* AppDelegate.swift */; };
		71D412061DF47CE6006B0694 /* AccessToken.swift in Sources */ = {isa = PBXBuildFile; fileRef = 71D4114C1DF46913006B0694 /* AccessToken.swift */; };
		71D412091DF47CE6006B0694 /* LaunchScreen.storyboard in Resources */ = {isa = PBXBuildFile; fileRef = 71D411351DF464AF006B0694 /* LaunchScreen.storyboard */; };
		71D4120A1DF47CE6006B0694 /* Assets.xcassets in Resources */ = {isa = PBXBuildFile; fileRef = 71D411331DF464AF006B0694 /* Assets.xcassets */; };
		71D4120B1DF47CE6006B0694 /* Main.storyboard in Resources */ = {isa = PBXBuildFile; fileRef = 71D411301DF464AF006B0694 /* Main.storyboard */; };
		71D412131DF47D30006B0694 /* ViewController.swift in Sources */ = {isa = PBXBuildFile; fileRef = 71D4112E1DF464AF006B0694 /* ViewController.swift */; };
		71D412141DF47D30006B0694 /* AppDelegate.swift in Sources */ = {isa = PBXBuildFile; fileRef = 71D4112C1DF464AF006B0694 /* AppDelegate.swift */; };
		71D412151DF47D30006B0694 /* AccessToken.swift in Sources */ = {isa = PBXBuildFile; fileRef = 71D4114C1DF46913006B0694 /* AccessToken.swift */; };
		71D412181DF47D30006B0694 /* LaunchScreen.storyboard in Resources */ = {isa = PBXBuildFile; fileRef = 71D411351DF464AF006B0694 /* LaunchScreen.storyboard */; };
		71D412191DF47D30006B0694 /* Assets.xcassets in Resources */ = {isa = PBXBuildFile; fileRef = 71D411331DF464AF006B0694 /* Assets.xcassets */; };
		71D4121A1DF47D30006B0694 /* Main.storyboard in Resources */ = {isa = PBXBuildFile; fileRef = 71D411301DF464AF006B0694 /* Main.storyboard */; };
		71D412221DF47D9E006B0694 /* ViewController.swift in Sources */ = {isa = PBXBuildFile; fileRef = 71D4112E1DF464AF006B0694 /* ViewController.swift */; };
		71D412231DF47D9E006B0694 /* AppDelegate.swift in Sources */ = {isa = PBXBuildFile; fileRef = 71D4112C1DF464AF006B0694 /* AppDelegate.swift */; };
		71D412241DF47D9E006B0694 /* AccessToken.swift in Sources */ = {isa = PBXBuildFile; fileRef = 71D4114C1DF46913006B0694 /* AccessToken.swift */; };
		71D412271DF47D9E006B0694 /* LaunchScreen.storyboard in Resources */ = {isa = PBXBuildFile; fileRef = 71D411351DF464AF006B0694 /* LaunchScreen.storyboard */; };
		71D412281DF47D9E006B0694 /* Assets.xcassets in Resources */ = {isa = PBXBuildFile; fileRef = 71D411331DF464AF006B0694 /* Assets.xcassets */; };
		71D412291DF47D9E006B0694 /* Main.storyboard in Resources */ = {isa = PBXBuildFile; fileRef = 71D411301DF464AF006B0694 /* Main.storyboard */; };
/* End PBXBuildFile section */

/* Begin PBXContainerItemProxy section */
		71D4113E1DF464AF006B0694 /* PBXContainerItemProxy */ = {
			isa = PBXContainerItemProxy;
			containerPortal = 71D411211DF464AF006B0694 /* Project object */;
			proxyType = 1;
			remoteGlobalIDString = 71D411281DF464AF006B0694;
			remoteInfo = Ambrogio;
		};
/* End PBXContainerItemProxy section */

/* Begin PBXFileReference section */
		71D411291DF464AF006B0694 /* Ambrogio.app */ = {isa = PBXFileReference; explicitFileType = wrapper.application; includeInIndex = 0; path = Ambrogio.app; sourceTree = BUILT_PRODUCTS_DIR; };
		71D4112C1DF464AF006B0694 /* AppDelegate.swift */ = {isa = PBXFileReference; lastKnownFileType = sourcecode.swift; path = AppDelegate.swift; sourceTree = "<group>"; };
		71D4112E1DF464AF006B0694 /* ViewController.swift */ = {isa = PBXFileReference; lastKnownFileType = sourcecode.swift; path = ViewController.swift; sourceTree = "<group>"; };
		71D411311DF464AF006B0694 /* Base */ = {isa = PBXFileReference; lastKnownFileType = file.storyboard; name = Base; path = Base.lproj/Main.storyboard; sourceTree = "<group>"; };
		71D411331DF464AF006B0694 /* Assets.xcassets */ = {isa = PBXFileReference; lastKnownFileType = folder.assetcatalog; path = Assets.xcassets; sourceTree = "<group>"; };
		71D411361DF464AF006B0694 /* Base */ = {isa = PBXFileReference; lastKnownFileType = file.storyboard; name = Base; path = Base.lproj/LaunchScreen.storyboard; sourceTree = "<group>"; };
		71D411381DF464AF006B0694 /* Info.plist */ = {isa = PBXFileReference; lastKnownFileType = text.plist.xml; path = Info.plist; sourceTree = "<group>"; };
		71D4113D1DF464AF006B0694 /* AmbrogioTests.xctest */ = {isa = PBXFileReference; explicitFileType = wrapper.cfbundle; includeInIndex = 0; path = AmbrogioTests.xctest; sourceTree = BUILT_PRODUCTS_DIR; };
		71D411411DF464AF006B0694 /* AmbrogioTests.swift */ = {isa = PBXFileReference; lastKnownFileType = sourcecode.swift; path = AmbrogioTests.swift; sourceTree = "<group>"; };
		71D411431DF464AF006B0694 /* Info.plist */ = {isa = PBXFileReference; lastKnownFileType = text.plist.xml; path = Info.plist; sourceTree = "<group>"; };
		71D4114C1DF46913006B0694 /* AccessToken.swift */ = {isa = PBXFileReference; fileEncoding = 4; lastKnownFileType = sourcecode.swift; path = AccessToken.swift; sourceTree = "<group>"; };
		71D4115B1DF47293006B0694 /* LedPanelOn.app */ = {isa = PBXFileReference; explicitFileType = wrapper.application; includeInIndex = 0; path = LedPanelOn.app; sourceTree = BUILT_PRODUCTS_DIR; };
		71D4115C1DF47293006B0694 /* LedPanelOn-Info.plist */ = {isa = PBXFileReference; lastKnownFileType = text.plist.xml; name = "LedPanelOn-Info.plist"; path = "/Users/gruppionim/Documents/Developer/Software/Ambrogio/App/Ambrogio/LedPanelOn-Info.plist"; sourceTree = "<absolute>"; };
		71D411791DF477B0006B0694 /* LedPanelOff.app */ = {isa = PBXFileReference; explicitFileType = wrapper.application; includeInIndex = 0; path = LedPanelOff.app; sourceTree = BUILT_PRODUCTS_DIR; };
		71D4117A1DF477B0006B0694 /* LedPanelOff-Info.plist */ = {isa = PBXFileReference; lastKnownFileType = text.plist.xml; name = "LedPanelOff-Info.plist"; path = "/Users/gruppionim/Documents/Developer/Software/Ambrogio/App/Ambrogio/LedPanelOff-Info.plist"; sourceTree = "<absolute>"; };
		71D411881DF47820006B0694 /* LivingRoomLampOn.app */ = {isa = PBXFileReference; explicitFileType = wrapper.application; includeInIndex = 0; path = LivingRoomLampOn.app; sourceTree = BUILT_PRODUCTS_DIR; };
		71D411891DF47820006B0694 /* LivingRoomLampOn-Info.plist */ = {isa = PBXFileReference; lastKnownFileType = text.plist.xml; name = "LivingRoomLampOn-Info.plist"; path = "/Users/gruppionim/Documents/Developer/Software/Ambrogio/App/Ambrogio/LivingRoomLampOn-Info.plist"; sourceTree = "<absolute>"; };
		71D411971DF47879006B0694 /* LivingRoomLampOff.app */ = {isa = PBXFileReference; explicitFileType = wrapper.application; includeInIndex = 0; path = LivingRoomLampOff.app; sourceTree = BUILT_PRODUCTS_DIR; };
		71D411981DF47879006B0694 /* LivingRoomLampOff-Info.plist */ = {isa = PBXFileReference; lastKnownFileType = text.plist.xml; name = "LivingRoomLampOff-Info.plist"; path = "/Users/gruppionim/Documents/Developer/Software/Ambrogio/App/Ambrogio/LivingRoomLampOff-Info.plist"; sourceTree = "<absolute>"; };
		71D411A61DF47A0A006B0694 /* LedStripLeftOn.app */ = {isa = PBXFileReference; explicitFileType = wrapper.application; includeInIndex = 0; path = LedStripLeftOn.app; sourceTree = BUILT_PRODUCTS_DIR; };
		71D411A71DF47A0A006B0694 /* LedStripLeftOn-Info.plist */ = {isa = PBXFileReference; lastKnownFileType = text.plist.xml; name = "LedStripLeftOn-Info.plist"; path = "/Users/gruppionim/Documents/Developer/Software/Ambrogio/App/Ambrogio/LedStripLeftOn-Info.plist"; sourceTree = "<absolute>"; };
		71D411B51DF47AB8006B0694 /* LedStripLeftOff.app */ = {isa = PBXFileReference; explicitFileType = wrapper.application; includeInIndex = 0; path = LedStripLeftOff.app; sourceTree = BUILT_PRODUCTS_DIR; };
		71D411B61DF47AB9006B0694 /* LedStripLeftOff-Info.plist */ = {isa = PBXFileReference; lastKnownFileType = text.plist.xml; name = "LedStripLeftOff-Info.plist"; path = "/Users/gruppionim/Documents/Developer/Software/Ambrogio/App/Ambrogio/LedStripLeftOff-Info.plist"; sourceTree = "<absolute>"; };
		71D411C41DF47B0E006B0694 /* LedStripRightOn.app */ = {isa = PBXFileReference; explicitFileType = wrapper.application; includeInIndex = 0; path = LedStripRightOn.app; sourceTree = BUILT_PRODUCTS_DIR; };
		71D411C51DF47B0E006B0694 /* LedStripRightOn-Info.plist */ = {isa = PBXFileReference; lastKnownFileType = text.plist.xml; name = "LedStripRightOn-Info.plist"; path = "/Users/gruppionim/Documents/Developer/Software/Ambrogio/App/Ambrogio/LedStripRightOn-Info.plist"; sourceTree = "<absolute>"; };
		71D411D31DF47B60006B0694 /* LedStripRightOff.app */ = {isa = PBXFileReference; explicitFileType = wrapper.application; includeInIndex = 0; path = LedStripRightOff.app; sourceTree = BUILT_PRODUCTS_DIR; };
		71D411D41DF47B61006B0694 /* LedStripRightOff-Info.plist */ = {isa = PBXFileReference; lastKnownFileType = text.plist.xml; name = "LedStripRightOff-Info.plist"; path = "/Users/gruppionim/Documents/Developer/Software/Ambrogio/App/Ambrogio/LedStripRightOff-Info.plist"; sourceTree = "<absolute>"; };
		71D411E21DF47BD7006B0694 /* CoffeeMachineOn.app */ = {isa = PBXFileReference; explicitFileType = wrapper.application; includeInIndex = 0; path = CoffeeMachineOn.app; sourceTree = BUILT_PRODUCTS_DIR; };
		71D411E31DF47BD7006B0694 /* CoffeeMachineOn-Info.plist */ = {isa = PBXFileReference; lastKnownFileType = text.plist.xml; name = "CoffeeMachineOn-Info.plist"; path = "/Users/gruppionim/Documents/Developer/Software/Ambrogio/App/Ambrogio/CoffeeMachineOn-Info.plist"; sourceTree = "<absolute>"; };
		71D411F11DF47C36006B0694 /* CoffeeMachineOff.app */ = {isa = PBXFileReference; explicitFileType = wrapper.application; includeInIndex = 0; path = CoffeeMachineOff.app; sourceTree = BUILT_PRODUCTS_DIR; };
		71D411F21DF47C36006B0694 /* CoffeeMachineOff-Info.plist */ = {isa = PBXFileReference; lastKnownFileType = text.plist.xml; name = "CoffeeMachineOff-Info.plist"; path = "/Users/gruppionim/Documents/Developer/Software/Ambrogio/App/Ambrogio/CoffeeMachineOff-Info.plist"; sourceTree = "<absolute>"; };
		71D412001DF47CA1006B0694 /* TvOn.app */ = {isa = PBXFileReference; explicitFileType = wrapper.application; includeInIndex = 0; path = TvOn.app; sourceTree = BUILT_PRODUCTS_DIR; };
		71D412011DF47CA1006B0694 /* TvOn-Info.plist */ = {isa = PBXFileReference; lastKnownFileType = text.plist.xml; name = "TvOn-Info.plist"; path = "/Users/gruppionim/Documents/Developer/Software/Ambrogio/App/Ambrogio/TvOn-Info.plist"; sourceTree = "<absolute>"; };
		71D4120F1DF47CE6006B0694 /* TvOff.app */ = {isa = PBXFileReference; explicitFileType = wrapper.application; includeInIndex = 0; path = TvOff.app; sourceTree = BUILT_PRODUCTS_DIR; };
		71D412101DF47CE6006B0694 /* TvOff-Info.plist */ = {isa = PBXFileReference; lastKnownFileType = text.plist.xml; name = "TvOff-Info.plist"; path = "/Users/gruppionim/Documents/Developer/Software/Ambrogio/App/Ambrogio/TvOff-Info.plist"; sourceTree = "<absolute>"; };
		71D4121E1DF47D30006B0694 /* ChristmasTreeOn.app */ = {isa = PBXFileReference; explicitFileType = wrapper.application; includeInIndex = 0; path = ChristmasTreeOn.app; sourceTree = BUILT_PRODUCTS_DIR; };
		71D4121F1DF47D30006B0694 /* ChristmasTreeOn-Info.plist */ = {isa = PBXFileReference; lastKnownFileType = text.plist.xml; name = "ChristmasTreeOn-Info.plist"; path = "/Users/gruppionim/Documents/Developer/Software/Ambrogio/App/Ambrogio/ChristmasTreeOn-Info.plist"; sourceTree = "<absolute>"; };
		71D4122D1DF47D9E006B0694 /* ChristmasTreeOff.app */ = {isa = PBXFileReference; explicitFileType = wrapper.application; includeInIndex = 0; path = ChristmasTreeOff.app; sourceTree = BUILT_PRODUCTS_DIR; };
		71D4122E1DF47D9F006B0694 /* ChristmasTreeOff-Info.plist */ = {isa = PBXFileReference; lastKnownFileType = text.plist.xml; name = "ChristmasTreeOff-Info.plist"; path = "/Users/gruppionim/Documents/Developer/Software/Ambrogio/App/Ambrogio/ChristmasTreeOff-Info.plist"; sourceTree = "<absolute>"; };
/* End PBXFileReference section */

/* Begin PBXFrameworksBuildPhase section */
		71D411261DF464AF006B0694 /* Frameworks */ = {
			isa = PBXFrameworksBuildPhase;
			buildActionMask = 2147483647;
			files = (
			);
			runOnlyForDeploymentPostprocessing = 0;
		};
		71D4113A1DF464AF006B0694 /* Frameworks */ = {
			isa = PBXFrameworksBuildPhase;
			buildActionMask = 2147483647;
			files = (
			);
			runOnlyForDeploymentPostprocessing = 0;
		};
		71D411531DF47293006B0694 /* Frameworks */ = {
			isa = PBXFrameworksBuildPhase;
			buildActionMask = 2147483647;
			files = (
			);
			runOnlyForDeploymentPostprocessing = 0;
		};
		71D411711DF477B0006B0694 /* Frameworks */ = {
			isa = PBXFrameworksBuildPhase;
			buildActionMask = 2147483647;
			files = (
			);
			runOnlyForDeploymentPostprocessing = 0;
		};
		71D411801DF47820006B0694 /* Frameworks */ = {
			isa = PBXFrameworksBuildPhase;
			buildActionMask = 2147483647;
			files = (
			);
			runOnlyForDeploymentPostprocessing = 0;
		};
		71D4118F1DF47879006B0694 /* Frameworks */ = {
			isa = PBXFrameworksBuildPhase;
			buildActionMask = 2147483647;
			files = (
			);
			runOnlyForDeploymentPostprocessing = 0;
		};
		71D4119E1DF47A0A006B0694 /* Frameworks */ = {
			isa = PBXFrameworksBuildPhase;
			buildActionMask = 2147483647;
			files = (
			);
			runOnlyForDeploymentPostprocessing = 0;
		};
		71D411AD1DF47AB8006B0694 /* Frameworks */ = {
			isa = PBXFrameworksBuildPhase;
			buildActionMask = 2147483647;
			files = (
			);
			runOnlyForDeploymentPostprocessing = 0;
		};
		71D411BC1DF47B0E006B0694 /* Frameworks */ = {
			isa = PBXFrameworksBuildPhase;
			buildActionMask = 2147483647;
			files = (
			);
			runOnlyForDeploymentPostprocessing = 0;
		};
		71D411CB1DF47B60006B0694 /* Frameworks */ = {
			isa = PBXFrameworksBuildPhase;
			buildActionMask = 2147483647;
			files = (
			);
			runOnlyForDeploymentPostprocessing = 0;
		};
		71D411DA1DF47BD7006B0694 /* Frameworks */ = {
			isa = PBXFrameworksBuildPhase;
			buildActionMask = 2147483647;
			files = (
			);
			runOnlyForDeploymentPostprocessing = 0;
		};
		71D411E91DF47C36006B0694 /* Frameworks */ = {
			isa = PBXFrameworksBuildPhase;
			buildActionMask = 2147483647;
			files = (
			);
			runOnlyForDeploymentPostprocessing = 0;
		};
		71D411F81DF47CA1006B0694 /* Frameworks */ = {
			isa = PBXFrameworksBuildPhase;
			buildActionMask = 2147483647;
			files = (
			);
			runOnlyForDeploymentPostprocessing = 0;
		};
		71D412071DF47CE6006B0694 /* Frameworks */ = {
			isa = PBXFrameworksBuildPhase;
			buildActionMask = 2147483647;
			files = (
			);
			runOnlyForDeploymentPostprocessing = 0;
		};
		71D412161DF47D30006B0694 /* Frameworks */ = {
			isa = PBXFrameworksBuildPhase;
			buildActionMask = 2147483647;
			files = (
			);
			runOnlyForDeploymentPostprocessing = 0;
		};
		71D412251DF47D9E006B0694 /* Frameworks */ = {
			isa = PBXFrameworksBuildPhase;
			buildActionMask = 2147483647;
			files = (
			);
			runOnlyForDeploymentPostprocessing = 0;
		};
/* End PBXFrameworksBuildPhase section */

/* Begin PBXGroup section */
		71D411201DF464AF006B0694 = {
			isa = PBXGroup;
			children = (
				71D4112B1DF464AF006B0694 /* Ambrogio */,
				71D411401DF464AF006B0694 /* AmbrogioTests */,
				71D4112A1DF464AF006B0694 /* Products */,
				71D4115C1DF47293006B0694 /* LedPanelOn-Info.plist */,
				71D4117A1DF477B0006B0694 /* LedPanelOff-Info.plist */,
				71D411891DF47820006B0694 /* LivingRoomLampOn-Info.plist */,
				71D411981DF47879006B0694 /* LivingRoomLampOff-Info.plist */,
				71D411A71DF47A0A006B0694 /* LedStripLeftOn-Info.plist */,
				71D411B61DF47AB9006B0694 /* LedStripLeftOff-Info.plist */,
				71D411C51DF47B0E006B0694 /* LedStripRightOn-Info.plist */,
				71D411D41DF47B61006B0694 /* LedStripRightOff-Info.plist */,
				71D411E31DF47BD7006B0694 /* CoffeeMachineOn-Info.plist */,
				71D411F21DF47C36006B0694 /* CoffeeMachineOff-Info.plist */,
				71D412011DF47CA1006B0694 /* TvOn-Info.plist */,
				71D412101DF47CE6006B0694 /* TvOff-Info.plist */,
				71D4121F1DF47D30006B0694 /* ChristmasTreeOn-Info.plist */,
				71D4122E1DF47D9F006B0694 /* ChristmasTreeOff-Info.plist */,
			);
			sourceTree = "<group>";
		};
		71D4112A1DF464AF006B0694 /* Products */ = {
			isa = PBXGroup;
			children = (
				71D411291DF464AF006B0694 /* Ambrogio.app */,
				71D4113D1DF464AF006B0694 /* AmbrogioTests.xctest */,
				71D4115B1DF47293006B0694 /* LedPanelOn.app */,
				71D411791DF477B0006B0694 /* LedPanelOff.app */,
				71D411881DF47820006B0694 /* LivingRoomLampOn.app */,
				71D411971DF47879006B0694 /* LivingRoomLampOff.app */,
				71D411A61DF47A0A006B0694 /* LedStripLeftOn.app */,
				71D411B51DF47AB8006B0694 /* LedStripLeftOff.app */,
				71D411C41DF47B0E006B0694 /* LedStripRightOn.app */,
				71D411D31DF47B60006B0694 /* LedStripRightOff.app */,
				71D411E21DF47BD7006B0694 /* CoffeeMachineOn.app */,
				71D411F11DF47C36006B0694 /* CoffeeMachineOff.app */,
				71D412001DF47CA1006B0694 /* TvOn.app */,
				71D4120F1DF47CE6006B0694 /* TvOff.app */,
				71D4121E1DF47D30006B0694 /* ChristmasTreeOn.app */,
				71D4122D1DF47D9E006B0694 /* ChristmasTreeOff.app */,
			);
			name = Products;
			sourceTree = "<group>";
		};
		71D4112B1DF464AF006B0694 /* Ambrogio */ = {
			isa = PBXGroup;
			children = (
				71D4112C1DF464AF006B0694 /* AppDelegate.swift */,
				71D4112E1DF464AF006B0694 /* ViewController.swift */,
				71D411301DF464AF006B0694 /* Main.storyboard */,
				71D411331DF464AF006B0694 /* Assets.xcassets */,
				71D411351DF464AF006B0694 /* LaunchScreen.storyboard */,
				71D411381DF464AF006B0694 /* Info.plist */,
				71D4114C1DF46913006B0694 /* AccessToken.swift */,
			);
			path = Ambrogio;
			sourceTree = "<group>";
		};
		71D411401DF464AF006B0694 /* AmbrogioTests */ = {
			isa = PBXGroup;
			children = (
				71D411411DF464AF006B0694 /* AmbrogioTests.swift */,
				71D411431DF464AF006B0694 /* Info.plist */,
			);
			path = AmbrogioTests;
			sourceTree = "<group>";
		};
/* End PBXGroup section */

/* Begin PBXNativeTarget section */
		71D411281DF464AF006B0694 /* Ambrogio */ = {
			isa = PBXNativeTarget;
			buildConfigurationList = 71D411461DF464AF006B0694 /* Build configuration list for PBXNativeTarget "Ambrogio" */;
			buildPhases = (
				71D411251DF464AF006B0694 /* Sources */,
				71D411261DF464AF006B0694 /* Frameworks */,
				71D411271DF464AF006B0694 /* Resources */,
			);
			buildRules = (
			);
			dependencies = (
			);
			name = Ambrogio;
			productName = Ambrogio;
			productReference = 71D411291DF464AF006B0694 /* Ambrogio.app */;
			productType = "com.apple.product-type.application";
		};
		71D4113C1DF464AF006B0694 /* AmbrogioTests */ = {
			isa = PBXNativeTarget;
			buildConfigurationList = 71D411491DF464AF006B0694 /* Build configuration list for PBXNativeTarget "AmbrogioTests" */;
			buildPhases = (
				71D411391DF464AF006B0694 /* Sources */,
				71D4113A1DF464AF006B0694 /* Frameworks */,
				71D4113B1DF464AF006B0694 /* Resources */,
			);
			buildRules = (
			);
			dependencies = (
				71D4113F1DF464AF006B0694 /* PBXTargetDependency */,
			);
			name = AmbrogioTests;
			productName = AmbrogioTests;
			productReference = 71D4113D1DF464AF006B0694 /* AmbrogioTests.xctest */;
			productType = "com.apple.product-type.bundle.unit-test";
		};
		71D4114E1DF47293006B0694 /* LedPanelOn */ = {
			isa = PBXNativeTarget;
			buildConfigurationList = 71D411581DF47293006B0694 /* Build configuration list for PBXNativeTarget "LedPanelOn" */;
			buildPhases = (
				71D4114F1DF47293006B0694 /* Sources */,
				71D411531DF47293006B0694 /* Frameworks */,
				71D411541DF47293006B0694 /* Resources */,
			);
			buildRules = (
			);
			dependencies = (
			);
			name = LedPanelOn;
			productName = Ambrogio;
			productReference = 71D4115B1DF47293006B0694 /* LedPanelOn.app */;
			productType = "com.apple.product-type.application";
		};
		71D4116C1DF477B0006B0694 /* LedPanelOff */ = {
			isa = PBXNativeTarget;
			buildConfigurationList = 71D411761DF477B0006B0694 /* Build configuration list for PBXNativeTarget "LedPanelOff" */;
			buildPhases = (
				71D4116D1DF477B0006B0694 /* Sources */,
				71D411711DF477B0006B0694 /* Frameworks */,
				71D411721DF477B0006B0694 /* Resources */,
			);
			buildRules = (
			);
			dependencies = (
			);
			name = LedPanelOff;
			productName = Ambrogio;
			productReference = 71D411791DF477B0006B0694 /* LedPanelOff.app */;
			productType = "com.apple.product-type.application";
		};
		71D4117B1DF47820006B0694 /* LivingRoomLampOn */ = {
			isa = PBXNativeTarget;
			buildConfigurationList = 71D411851DF47820006B0694 /* Build configuration list for PBXNativeTarget "LivingRoomLampOn" */;
			buildPhases = (
				71D4117C1DF47820006B0694 /* Sources */,
				71D411801DF47820006B0694 /* Frameworks */,
				71D411811DF47820006B0694 /* Resources */,
			);
			buildRules = (
			);
			dependencies = (
			);
			name = LivingRoomLampOn;
			productName = Ambrogio;
			productReference = 71D411881DF47820006B0694 /* LivingRoomLampOn.app */;
			productType = "com.apple.product-type.application";
		};
		71D4118A1DF47879006B0694 /* LivingRoomLampOff */ = {
			isa = PBXNativeTarget;
			buildConfigurationList = 71D411941DF47879006B0694 /* Build configuration list for PBXNativeTarget "LivingRoomLampOff" */;
			buildPhases = (
				71D4118B1DF47879006B0694 /* Sources */,
				71D4118F1DF47879006B0694 /* Frameworks */,
				71D411901DF47879006B0694 /* Resources */,
			);
			buildRules = (
			);
			dependencies = (
			);
			name = LivingRoomLampOff;
			productName = Ambrogio;
			productReference = 71D411971DF47879006B0694 /* LivingRoomLampOff.app */;
			productType = "com.apple.product-type.application";
		};
		71D411991DF47A0A006B0694 /* LedStripLeftOn */ = {
			isa = PBXNativeTarget;
			buildConfigurationList = 71D411A31DF47A0A006B0694 /* Build configuration list for PBXNativeTarget "LedStripLeftOn" */;
			buildPhases = (
				71D4119A1DF47A0A006B0694 /* Sources */,
				71D4119E1DF47A0A006B0694 /* Frameworks */,
				71D4119F1DF47A0A006B0694 /* Resources */,
			);
			buildRules = (
			);
			dependencies = (
			);
			name = LedStripLeftOn;
			productName = Ambrogio;
			productReference = 71D411A61DF47A0A006B0694 /* LedStripLeftOn.app */;
			productType = "com.apple.product-type.application";
		};
		71D411A81DF47AB8006B0694 /* LedStripLeftOff */ = {
			isa = PBXNativeTarget;
			buildConfigurationList = 71D411B21DF47AB8006B0694 /* Build configuration list for PBXNativeTarget "LedStripLeftOff" */;
			buildPhases = (
				71D411A91DF47AB8006B0694 /* Sources */,
				71D411AD1DF47AB8006B0694 /* Frameworks */,
				71D411AE1DF47AB8006B0694 /* Resources */,
			);
			buildRules = (
			);
			dependencies = (
			);
			name = LedStripLeftOff;
			productName = Ambrogio;
			productReference = 71D411B51DF47AB8006B0694 /* LedStripLeftOff.app */;
			productType = "com.apple.product-type.application";
		};
		71D411B71DF47B0E006B0694 /* LedStripRightOn */ = {
			isa = PBXNativeTarget;
			buildConfigurationList = 71D411C11DF47B0E006B0694 /* Build configuration list for PBXNativeTarget "LedStripRightOn" */;
			buildPhases = (
				71D411B81DF47B0E006B0694 /* Sources */,
				71D411BC1DF47B0E006B0694 /* Frameworks */,
				71D411BD1DF47B0E006B0694 /* Resources */,
			);
			buildRules = (
			);
			dependencies = (
			);
			name = LedStripRightOn;
			productName = Ambrogio;
			productReference = 71D411C41DF47B0E006B0694 /* LedStripRightOn.app */;
			productType = "com.apple.product-type.application";
		};
		71D411C61DF47B60006B0694 /* LedStripRightOff */ = {
			isa = PBXNativeTarget;
			buildConfigurationList = 71D411D01DF47B60006B0694 /* Build configuration list for PBXNativeTarget "LedStripRightOff" */;
			buildPhases = (
				71D411C71DF47B60006B0694 /* Sources */,
				71D411CB1DF47B60006B0694 /* Frameworks */,
				71D411CC1DF47B60006B0694 /* Resources */,
			);
			buildRules = (
			);
			dependencies = (
			);
			name = LedStripRightOff;
			productName = Ambrogio;
			productReference = 71D411D31DF47B60006B0694 /* LedStripRightOff.app */;
			productType = "com.apple.product-type.application";
		};
		71D411D51DF47BD7006B0694 /* CoffeeMachineOn */ = {
			isa = PBXNativeTarget;
			buildConfigurationList = 71D411DF1DF47BD7006B0694 /* Build configuration list for PBXNativeTarget "CoffeeMachineOn" */;
			buildPhases = (
				71D411D61DF47BD7006B0694 /* Sources */,
				71D411DA1DF47BD7006B0694 /* Frameworks */,
				71D411DB1DF47BD7006B0694 /* Resources */,
			);
			buildRules = (
			);
			dependencies = (
			);
			name = CoffeeMachineOn;
			productName = Ambrogio;
			productReference = 71D411E21DF47BD7006B0694 /* CoffeeMachineOn.app */;
			productType = "com.apple.product-type.application";
		};
		71D411E41DF47C36006B0694 /* CoffeeMachineOff */ = {
			isa = PBXNativeTarget;
			buildConfigurationList = 71D411EE1DF47C36006B0694 /* Build configuration list for PBXNativeTarget "CoffeeMachineOff" */;
			buildPhases = (
				71D411E51DF47C36006B0694 /* Sources */,
				71D411E91DF47C36006B0694 /* Frameworks */,
				71D411EA1DF47C36006B0694 /* Resources */,
			);
			buildRules = (
			);
			dependencies = (
			);
			name = CoffeeMachineOff;
			productName = Ambrogio;
			productReference = 71D411F11DF47C36006B0694 /* CoffeeMachineOff.app */;
			productType = "com.apple.product-type.application";
		};
		71D411F31DF47CA1006B0694 /* TvOn */ = {
			isa = PBXNativeTarget;
			buildConfigurationList = 71D411FD1DF47CA1006B0694 /* Build configuration list for PBXNativeTarget "TvOn" */;
			buildPhases = (
				71D411F41DF47CA1006B0694 /* Sources */,
				71D411F81DF47CA1006B0694 /* Frameworks */,
				71D411F91DF47CA1006B0694 /* Resources */,
			);
			buildRules = (
			);
			dependencies = (
			);
			name = TvOn;
			productName = Ambrogio;
			productReference = 71D412001DF47CA1006B0694 /* TvOn.app */;
			productType = "com.apple.product-type.application";
		};
		71D412021DF47CE6006B0694 /* TvOff */ = {
			isa = PBXNativeTarget;
			buildConfigurationList = 71D4120C1DF47CE6006B0694 /* Build configuration list for PBXNativeTarget "TvOff" */;
			buildPhases = (
				71D412031DF47CE6006B0694 /* Sources */,
				71D412071DF47CE6006B0694 /* Frameworks */,
				71D412081DF47CE6006B0694 /* Resources */,
			);
			buildRules = (
			);
			dependencies = (
			);
			name = TvOff;
			productName = Ambrogio;
			productReference = 71D4120F1DF47CE6006B0694 /* TvOff.app */;
			productType = "com.apple.product-type.application";
		};
		71D412111DF47D30006B0694 /* ChristmasTreeOn */ = {
			isa = PBXNativeTarget;
			buildConfigurationList = 71D4121B1DF47D30006B0694 /* Build configuration list for PBXNativeTarget "ChristmasTreeOn" */;
			buildPhases = (
				71D412121DF47D30006B0694 /* Sources */,
				71D412161DF47D30006B0694 /* Frameworks */,
				71D412171DF47D30006B0694 /* Resources */,
			);
			buildRules = (
			);
			dependencies = (
			);
			name = ChristmasTreeOn;
			productName = Ambrogio;
			productReference = 71D4121E1DF47D30006B0694 /* ChristmasTreeOn.app */;
			productType = "com.apple.product-type.application";
		};
		71D412201DF47D9E006B0694 /* ChristmasTreeOff */ = {
			isa = PBXNativeTarget;
			buildConfigurationList = 71D4122A1DF47D9E006B0694 /* Build configuration list for PBXNativeTarget "ChristmasTreeOff" */;
			buildPhases = (
				71D412211DF47D9E006B0694 /* Sources */,
				71D412251DF47D9E006B0694 /* Frameworks */,
				71D412261DF47D9E006B0694 /* Resources */,
			);
			buildRules = (
			);
			dependencies = (
			);
			name = ChristmasTreeOff;
			productName = Ambrogio;
			productReference = 71D4122D1DF47D9E006B0694 /* ChristmasTreeOff.app */;
			productType = "com.apple.product-type.application";
		};
/* End PBXNativeTarget section */

/* Begin PBXProject section */
		71D411211DF464AF006B0694 /* Project object */ = {
			isa = PBXProject;
			attributes = {
				LastSwiftUpdateCheck = 0810;
				LastUpgradeCheck = 0810;
				ORGANIZATIONNAME = "Michele Gruppioni";
				TargetAttributes = {
					71D411281DF464AF006B0694 = {
						CreatedOnToolsVersion = 8.1;
						DevelopmentTeam = 975R26MN46;
						ProvisioningStyle = Automatic;
					};
					71D4113C1DF464AF006B0694 = {
						CreatedOnToolsVersion = 8.1;
						DevelopmentTeam = 975R26MN46;
						ProvisioningStyle = Automatic;
						TestTargetID = 71D411281DF464AF006B0694;
					};
					71D4114E1DF47293006B0694 = {
						DevelopmentTeam = 975R26MN46;
					};
					71D4116C1DF477B0006B0694 = {
						DevelopmentTeam = 975R26MN46;
					};
					71D4117B1DF47820006B0694 = {
						DevelopmentTeam = 975R26MN46;
					};
					71D4118A1DF47879006B0694 = {
						DevelopmentTeam = 975R26MN46;
					};
					71D411991DF47A0A006B0694 = {
						DevelopmentTeam = 975R26MN46;
					};
					71D411A81DF47AB8006B0694 = {
						DevelopmentTeam = 975R26MN46;
					};
					71D411B71DF47B0E006B0694 = {
						DevelopmentTeam = 975R26MN46;
					};
					71D411C61DF47B60006B0694 = {
						DevelopmentTeam = 975R26MN46;
					};
					71D411D51DF47BD7006B0694 = {
						DevelopmentTeam = 975R26MN46;
					};
					71D411E41DF47C36006B0694 = {
						DevelopmentTeam = 975R26MN46;
					};
					71D411F31DF47CA1006B0694 = {
						DevelopmentTeam = 975R26MN46;
					};
					71D412021DF47CE6006B0694 = {
						DevelopmentTeam = 975R26MN46;
					};
					71D412111DF47D30006B0694 = {
						DevelopmentTeam = 975R26MN46;
					};
					71D412201DF47D9E006B0694 = {
						DevelopmentTeam = 975R26MN46;
					};
				};
			};
			buildConfigurationList = 71D411241DF464AF006B0694 /* Build configuration list for PBXProject "Ambrogio" */;
			compatibilityVersion = "Xcode 3.2";
			developmentRegion = English;
			hasScannedForEncodings = 0;
			knownRegions = (
				en,
				Base,
			);
			mainGroup = 71D411201DF464AF006B0694;
			productRefGroup = 71D4112A1DF464AF006B0694 /* Products */;
			projectDirPath = "";
			projectRoot = "";
			targets = (
				71D411281DF464AF006B0694 /* Ambrogio */,
				71D4113C1DF464AF006B0694 /* AmbrogioTests */,
				71D4114E1DF47293006B0694 /* LedPanelOn */,
				71D4116C1DF477B0006B0694 /* LedPanelOff */,
				71D4117B1DF47820006B0694 /* LivingRoomLampOn */,
				71D4118A1DF47879006B0694 /* LivingRoomLampOff */,
				71D411991DF47A0A006B0694 /* LedStripLeftOn */,
				71D411A81DF47AB8006B0694 /* LedStripLeftOff */,
				71D411B71DF47B0E006B0694 /* LedStripRightOn */,
				71D411C61DF47B60006B0694 /* LedStripRightOff */,
				71D411D51DF47BD7006B0694 /* CoffeeMachineOn */,
				71D411E41DF47C36006B0694 /* CoffeeMachineOff */,
				71D411F31DF47CA1006B0694 /* TvOn */,
				71D412021DF47CE6006B0694 /* TvOff */,
				71D412111DF47D30006B0694 /* ChristmasTreeOn */,
				71D412201DF47D9E006B0694 /* ChristmasTreeOff */,
			);
		};
/* End PBXProject section */

/* Begin PBXResourcesBuildPhase section */
		71D411271DF464AF006B0694 /* Resources */ = {
			isa = PBXResourcesBuildPhase;
			buildActionMask = 2147483647;
			files = (
				71D411371DF464AF006B0694 /* LaunchScreen.storyboard in Resources */,
				71D411341DF464AF006B0694 /* Assets.xcassets in Resources */,
				71D411321DF464AF006B0694 /* Main.storyboard in Resources */,
			);
			runOnlyForDeploymentPostprocessing = 0;
		};
		71D4113B1DF464AF006B0694 /* Resources */ = {
			isa = PBXResourcesBuildPhase;
			buildActionMask = 2147483647;
			files = (
			);
			runOnlyForDeploymentPostprocessing = 0;
		};
		71D411541DF47293006B0694 /* Resources */ = {
			isa = PBXResourcesBuildPhase;
			buildActionMask = 2147483647;
			files = (
				71D411551DF47293006B0694 /* LaunchScreen.storyboard in Resources */,
				71D411561DF47293006B0694 /* Assets.xcassets in Resources */,
				71D411571DF47293006B0694 /* Main.storyboard in Resources */,
			);
			runOnlyForDeploymentPostprocessing = 0;
		};
		71D411721DF477B0006B0694 /* Resources */ = {
			isa = PBXResourcesBuildPhase;
			buildActionMask = 2147483647;
			files = (
				71D411731DF477B0006B0694 /* LaunchScreen.storyboard in Resources */,
				71D411741DF477B0006B0694 /* Assets.xcassets in Resources */,
				71D411751DF477B0006B0694 /* Main.storyboard in Resources */,
			);
			runOnlyForDeploymentPostprocessing = 0;
		};
		71D411811DF47820006B0694 /* Resources */ = {
			isa = PBXResourcesBuildPhase;
			buildActionMask = 2147483647;
			files = (
				71D411821DF47820006B0694 /* LaunchScreen.storyboard in Resources */,
				71D411831DF47820006B0694 /* Assets.xcassets in Resources */,
				71D411841DF47820006B0694 /* Main.storyboard in Resources */,
			);
			runOnlyForDeploymentPostprocessing = 0;
		};
		71D411901DF47879006B0694 /* Resources */ = {
			isa = PBXResourcesBuildPhase;
			buildActionMask = 2147483647;
			files = (
				71D411911DF47879006B0694 /* LaunchScreen.storyboard in Resources */,
				71D411921DF47879006B0694 /* Assets.xcassets in Resources */,
				71D411931DF47879006B0694 /* Main.storyboard in Resources */,
			);
			runOnlyForDeploymentPostprocessing = 0;
		};
		71D4119F1DF47A0A006B0694 /* Resources */ = {
			isa = PBXResourcesBuildPhase;
			buildActionMask = 2147483647;
			files = (
				71D411A01DF47A0A006B0694 /* LaunchScreen.storyboard in Resources */,
				71D411A11DF47A0A006B0694 /* Assets.xcassets in Resources */,
				71D411A21DF47A0A006B0694 /* Main.storyboard in Resources */,
			);
			runOnlyForDeploymentPostprocessing = 0;
		};
		71D411AE1DF47AB8006B0694 /* Resources */ = {
			isa = PBXResourcesBuildPhase;
			buildActionMask = 2147483647;
			files = (
				71D411AF1DF47AB8006B0694 /* LaunchScreen.storyboard in Resources */,
				71D411B01DF47AB8006B0694 /* Assets.xcassets in Resources */,
				71D411B11DF47AB8006B0694 /* Main.storyboard in Resources */,
			);
			runOnlyForDeploymentPostprocessing = 0;
		};
		71D411BD1DF47B0E006B0694 /* Resources */ = {
			isa = PBXResourcesBuildPhase;
			buildActionMask = 2147483647;
			files = (
				71D411BE1DF47B0E006B0694 /* LaunchScreen.storyboard in Resources */,
				71D411BF1DF47B0E006B0694 /* Assets.xcassets in Resources */,
				71D411C01DF47B0E006B0694 /* Main.storyboard in Resources */,
			);
			runOnlyForDeploymentPostprocessing = 0;
		};
		71D411CC1DF47B60006B0694 /* Resources */ = {
			isa = PBXResourcesBuildPhase;
			buildActionMask = 2147483647;
			files = (
				71D411CD1DF47B60006B0694 /* LaunchScreen.storyboard in Resources */,
				71D411CE1DF47B60006B0694 /* Assets.xcassets in Resources */,
				71D411CF1DF47B60006B0694 /* Main.storyboard in Resources */,
			);
			runOnlyForDeploymentPostprocessing = 0;
		};
		71D411DB1DF47BD7006B0694 /* Resources */ = {
			isa = PBXResourcesBuildPhase;
			buildActionMask = 2147483647;
			files = (
				71D411DC1DF47BD7006B0694 /* LaunchScreen.storyboard in Resources */,
				71D411DD1DF47BD7006B0694 /* Assets.xcassets in Resources */,
				71D411DE1DF47BD7006B0694 /* Main.storyboard in Resources */,
			);
			runOnlyForDeploymentPostprocessing = 0;
		};
		71D411EA1DF47C36006B0694 /* Resources */ = {
			isa = PBXResourcesBuildPhase;
			buildActionMask = 2147483647;
			files = (
				71D411EB1DF47C36006B0694 /* LaunchScreen.storyboard in Resources */,
				71D411EC1DF47C36006B0694 /* Assets.xcassets in Resources */,
				71D411ED1DF47C36006B0694 /* Main.storyboard in Resources */,
			);
			runOnlyForDeploymentPostprocessing = 0;
		};
		71D411F91DF47CA1006B0694 /* Resources */ = {
			isa = PBXResourcesBuildPhase;
			buildActionMask = 2147483647;
			files = (
				71D411FA1DF47CA1006B0694 /* LaunchScreen.storyboard in Resources */,
				71D411FB1DF47CA1006B0694 /* Assets.xcassets in Resources */,
				71D411FC1DF47CA1006B0694 /* Main.storyboard in Resources */,
			);
			runOnlyForDeploymentPostprocessing = 0;
		};
		71D412081DF47CE6006B0694 /* Resources */ = {
			isa = PBXResourcesBuildPhase;
			buildActionMask = 2147483647;
			files = (
				71D412091DF47CE6006B0694 /* LaunchScreen.storyboard in Resources */,
				71D4120A1DF47CE6006B0694 /* Assets.xcassets in Resources */,
				71D4120B1DF47CE6006B0694 /* Main.storyboard in Resources */,
			);
			runOnlyForDeploymentPostprocessing = 0;
		};
		71D412171DF47D30006B0694 /* Resources */ = {
			isa = PBXResourcesBuildPhase;
			buildActionMask = 2147483647;
			files = (
				71D412181DF47D30006B0694 /* LaunchScreen.storyboard in Resources */,
				71D412191DF47D30006B0694 /* Assets.xcassets in Resources */,
				71D4121A1DF47D30006B0694 /* Main.storyboard in Resources */,
			);
			runOnlyForDeploymentPostprocessing = 0;
		};
		71D412261DF47D9E006B0694 /* Resources */ = {
			isa = PBXResourcesBuildPhase;
			buildActionMask = 2147483647;
			files = (
				71D412271DF47D9E006B0694 /* LaunchScreen.storyboard in Resources */,
				71D412281DF47D9E006B0694 /* Assets.xcassets in Resources */,
				71D412291DF47D9E006B0694 /* Main.storyboard in Resources */,
			);
			runOnlyForDeploymentPostprocessing = 0;
		};
/* End PBXResourcesBuildPhase section */

/* Begin PBXSourcesBuildPhase section */
		71D411251DF464AF006B0694 /* Sources */ = {
			isa = PBXSourcesBuildPhase;
			buildActionMask = 2147483647;
			files = (
				71D4112F1DF464AF006B0694 /* ViewController.swift in Sources */,
				71D4112D1DF464AF006B0694 /* AppDelegate.swift in Sources */,
				71D4114D1DF46913006B0694 /* AccessToken.swift in Sources */,
			);
			runOnlyForDeploymentPostprocessing = 0;
		};
		71D411391DF464AF006B0694 /* Sources */ = {
			isa = PBXSourcesBuildPhase;
			buildActionMask = 2147483647;
			files = (
				71D411421DF464AF006B0694 /* AmbrogioTests.swift in Sources */,
			);
			runOnlyForDeploymentPostprocessing = 0;
		};
		71D4114F1DF47293006B0694 /* Sources */ = {
			isa = PBXSourcesBuildPhase;
			buildActionMask = 2147483647;
			files = (
				71D411501DF47293006B0694 /* ViewController.swift in Sources */,
				71D411511DF47293006B0694 /* AppDelegate.swift in Sources */,
				71D411521DF47293006B0694 /* AccessToken.swift in Sources */,
			);
			runOnlyForDeploymentPostprocessing = 0;
		};
		71D4116D1DF477B0006B0694 /* Sources */ = {
			isa = PBXSourcesBuildPhase;
			buildActionMask = 2147483647;
			files = (
				71D4116E1DF477B0006B0694 /* ViewController.swift in Sources */,
				71D4116F1DF477B0006B0694 /* AppDelegate.swift in Sources */,
				71D411701DF477B0006B0694 /* AccessToken.swift in Sources */,
			);
			runOnlyForDeploymentPostprocessing = 0;
		};
		71D4117C1DF47820006B0694 /* Sources */ = {
			isa = PBXSourcesBuildPhase;
			buildActionMask = 2147483647;
			files = (
				71D4117D1DF47820006B0694 /* ViewController.swift in Sources */,
				71D4117E1DF47820006B0694 /* AppDelegate.swift in Sources */,
				71D4117F1DF47820006B0694 /* AccessToken.swift in Sources */,
			);
			runOnlyForDeploymentPostprocessing = 0;
		};
		71D4118B1DF47879006B0694 /* Sources */ = {
			isa = PBXSourcesBuildPhase;
			buildActionMask = 2147483647;
			files = (
				71D4118C1DF47879006B0694 /* ViewController.swift in Sources */,
				71D4118D1DF47879006B0694 /* AppDelegate.swift in Sources */,
				71D4118E1DF47879006B0694 /* AccessToken.swift in Sources */,
			);
			runOnlyForDeploymentPostprocessing = 0;
		};
		71D4119A1DF47A0A006B0694 /* Sources */ = {
			isa = PBXSourcesBuildPhase;
			buildActionMask = 2147483647;
			files = (
				71D4119B1DF47A0A006B0694 /* ViewController.swift in Sources */,
				71D4119C1DF47A0A006B0694 /* AppDelegate.swift in Sources */,
				71D4119D1DF47A0A006B0694 /* AccessToken.swift in Sources */,
			);
			runOnlyForDeploymentPostprocessing = 0;
		};
		71D411A91DF47AB8006B0694 /* Sources */ = {
			isa = PBXSourcesBuildPhase;
			buildActionMask = 2147483647;
			files = (
				71D411AA1DF47AB8006B0694 /* ViewController.swift in Sources */,
				71D411AB1DF47AB8006B0694 /* AppDelegate.swift in Sources */,
				71D411AC1DF47AB8006B0694 /* AccessToken.swift in Sources */,
			);
			runOnlyForDeploymentPostprocessing = 0;
		};
		71D411B81DF47B0E006B0694 /* Sources */ = {
			isa = PBXSourcesBuildPhase;
			buildActionMask = 2147483647;
			files = (
				71D411B91DF47B0E006B0694 /* ViewController.swift in Sources */,
				71D411BA1DF47B0E006B0694 /* AppDelegate.swift in Sources */,
				71D411BB1DF47B0E006B0694 /* AccessToken.swift in Sources */,
			);
			runOnlyForDeploymentPostprocessing = 0;
		};
		71D411C71DF47B60006B0694 /* Sources */ = {
			isa = PBXSourcesBuildPhase;
			buildActionMask = 2147483647;
			files = (
				71D411C81DF47B60006B0694 /* ViewController.swift in Sources */,
				71D411C91DF47B60006B0694 /* AppDelegate.swift in Sources */,
				71D411CA1DF47B60006B0694 /* AccessToken.swift in Sources */,
			);
			runOnlyForDeploymentPostprocessing = 0;
		};
		71D411D61DF47BD7006B0694 /* Sources */ = {
			isa = PBXSourcesBuildPhase;
			buildActionMask = 2147483647;
			files = (
				71D411D71DF47BD7006B0694 /* ViewController.swift in Sources */,
				71D411D81DF47BD7006B0694 /* AppDelegate.swift in Sources */,
				71D411D91DF47BD7006B0694 /* AccessToken.swift in Sources */,
			);
			runOnlyForDeploymentPostprocessing = 0;
		};
		71D411E51DF47C36006B0694 /* Sources */ = {
			isa = PBXSourcesBuildPhase;
			buildActionMask = 2147483647;
			files = (
				71D411E61DF47C36006B0694 /* ViewController.swift in Sources */,
				71D411E71DF47C36006B0694 /* AppDelegate.swift in Sources */,
				71D411E81DF47C36006B0694 /* AccessToken.swift in Sources */,
			);
			runOnlyForDeploymentPostprocessing = 0;
		};
		71D411F41DF47CA1006B0694 /* Sources */ = {
			isa = PBXSourcesBuildPhase;
			buildActionMask = 2147483647;
			files = (
				71D411F51DF47CA1006B0694 /* ViewController.swift in Sources */,
				71D411F61DF47CA1006B0694 /* AppDelegate.swift in Sources */,
				71D411F71DF47CA1006B0694 /* AccessToken.swift in Sources */,
			);
			runOnlyForDeploymentPostprocessing = 0;
		};
		71D412031DF47CE6006B0694 /* Sources */ = {
			isa = PBXSourcesBuildPhase;
			buildActionMask = 2147483647;
			files = (
				71D412041DF47CE6006B0694 /* ViewController.swift in Sources */,
				71D412051DF47CE6006B0694 /* AppDelegate.swift in Sources */,
				71D412061DF47CE6006B0694 /* AccessToken.swift in Sources */,
			);
			runOnlyForDeploymentPostprocessing = 0;
		};
		71D412121DF47D30006B0694 /* Sources */ = {
			isa = PBXSourcesBuildPhase;
			buildActionMask = 2147483647;
			files = (
				71D412131DF47D30006B0694 /* ViewController.swift in Sources */,
				71D412141DF47D30006B0694 /* AppDelegate.swift in Sources */,
				71D412151DF47D30006B0694 /* AccessToken.swift in Sources */,
			);
			runOnlyForDeploymentPostprocessing = 0;
		};
		71D412211DF47D9E006B0694 /* Sources */ = {
			isa = PBXSourcesBuildPhase;
			buildActionMask = 2147483647;
			files = (
				71D412221DF47D9E006B0694 /* ViewController.swift in Sources */,
				71D412231DF47D9E006B0694 /* AppDelegate.swift in Sources */,
				71D412241DF47D9E006B0694 /* AccessToken.swift in Sources */,
			);
			runOnlyForDeploymentPostprocessing = 0;
		};
/* End PBXSourcesBuildPhase section */

/* Begin PBXTargetDependency section */
		71D4113F1DF464AF006B0694 /* PBXTargetDependency */ = {
			isa = PBXTargetDependency;
			target = 71D411281DF464AF006B0694 /* Ambrogio */;
			targetProxy = 71D4113E1DF464AF006B0694 /* PBXContainerItemProxy */;
		};
/* End PBXTargetDependency section */

/* Begin PBXVariantGroup section */
		71D411301DF464AF006B0694 /* Main.storyboard */ = {
			isa = PBXVariantGroup;
			children = (
				71D411311DF464AF006B0694 /* Base */,
			);
			name = Main.storyboard;
			sourceTree = "<group>";
		};
		71D411351DF464AF006B0694 /* LaunchScreen.storyboard */ = {
			isa = PBXVariantGroup;
			children = (
				71D411361DF464AF006B0694 /* Base */,
			);
			name = LaunchScreen.storyboard;
			sourceTree = "<group>";
		};
/* End PBXVariantGroup section */

/* Begin XCBuildConfiguration section */
		71D411441DF464AF006B0694 /* Debug */ = {
			isa = XCBuildConfiguration;
			buildSettings = {
				ALWAYS_SEARCH_USER_PATHS = NO;
				CLANG_ANALYZER_NONNULL = YES;
				CLANG_CXX_LANGUAGE_STANDARD = "gnu++0x";
				CLANG_CXX_LIBRARY = "libc++";
				CLANG_ENABLE_MODULES = YES;
				CLANG_ENABLE_OBJC_ARC = YES;
				CLANG_WARN_BOOL_CONVERSION = YES;
				CLANG_WARN_CONSTANT_CONVERSION = YES;
				CLANG_WARN_DIRECT_OBJC_ISA_USAGE = YES_ERROR;
				CLANG_WARN_DOCUMENTATION_COMMENTS = YES;
				CLANG_WARN_EMPTY_BODY = YES;
				CLANG_WARN_ENUM_CONVERSION = YES;
				CLANG_WARN_INFINITE_RECURSION = YES;
				CLANG_WARN_INT_CONVERSION = YES;
				CLANG_WARN_OBJC_ROOT_CLASS = YES_ERROR;
				CLANG_WARN_SUSPICIOUS_MOVES = YES;
				CLANG_WARN_UNREACHABLE_CODE = YES;
				CLANG_WARN__DUPLICATE_METHOD_MATCH = YES;
				"CODE_SIGN_IDENTITY[sdk=iphoneos*]" = "iPhone Developer";
				COPY_PHASE_STRIP = NO;
				DEBUG_INFORMATION_FORMAT = dwarf;
				ENABLE_STRICT_OBJC_MSGSEND = YES;
				ENABLE_TESTABILITY = YES;
				GCC_C_LANGUAGE_STANDARD = gnu99;
				GCC_DYNAMIC_NO_PIC = NO;
				GCC_NO_COMMON_BLOCKS = YES;
				GCC_OPTIMIZATION_LEVEL = 0;
				GCC_PREPROCESSOR_DEFINITIONS = (
					"DEBUG=1",
					"$(inherited)",
				);
				GCC_WARN_64_TO_32_BIT_CONVERSION = YES;
				GCC_WARN_ABOUT_RETURN_TYPE = YES_ERROR;
				GCC_WARN_UNDECLARED_SELECTOR = YES;
				GCC_WARN_UNINITIALIZED_AUTOS = YES_AGGRESSIVE;
				GCC_WARN_UNUSED_FUNCTION = YES;
				GCC_WARN_UNUSED_VARIABLE = YES;
				IPHONEOS_DEPLOYMENT_TARGET = 10.1;
				MTL_ENABLE_DEBUG_INFO = YES;
				ONLY_ACTIVE_ARCH = YES;
				SDKROOT = iphoneos;
				SWIFT_ACTIVE_COMPILATION_CONDITIONS = DEBUG;
				SWIFT_OPTIMIZATION_LEVEL = "-Onone";
			};
			name = Debug;
		};
		71D411451DF464AF006B0694 /* Release */ = {
			isa = XCBuildConfiguration;
			buildSettings = {
				ALWAYS_SEARCH_USER_PATHS = NO;
				CLANG_ANALYZER_NONNULL = YES;
				CLANG_CXX_LANGUAGE_STANDARD = "gnu++0x";
				CLANG_CXX_LIBRARY = "libc++";
				CLANG_ENABLE_MODULES = YES;
				CLANG_ENABLE_OBJC_ARC = YES;
				CLANG_WARN_BOOL_CONVERSION = YES;
				CLANG_WARN_CONSTANT_CONVERSION = YES;
				CLANG_WARN_DIRECT_OBJC_ISA_USAGE = YES_ERROR;
				CLANG_WARN_DOCUMENTATION_COMMENTS = YES;
				CLANG_WARN_EMPTY_BODY = YES;
				CLANG_WARN_ENUM_CONVERSION = YES;
				CLANG_WARN_INFINITE_RECURSION = YES;
				CLANG_WARN_INT_CONVERSION = YES;
				CLANG_WARN_OBJC_ROOT_CLASS = YES_ERROR;
				CLANG_WARN_SUSPICIOUS_MOVES = YES;
				CLANG_WARN_UNREACHABLE_CODE = YES;
				CLANG_WARN__DUPLICATE_METHOD_MATCH = YES;
				"CODE_SIGN_IDENTITY[sdk=iphoneos*]" = "iPhone Developer";
				COPY_PHASE_STRIP = NO;
				DEBUG_INFORMATION_FORMAT = "dwarf-with-dsym";
				ENABLE_NS_ASSERTIONS = NO;
				ENABLE_STRICT_OBJC_MSGSEND = YES;
				GCC_C_LANGUAGE_STANDARD = gnu99;
				GCC_NO_COMMON_BLOCKS = YES;
				GCC_WARN_64_TO_32_BIT_CONVERSION = YES;
				GCC_WARN_ABOUT_RETURN_TYPE = YES_ERROR;
				GCC_WARN_UNDECLARED_SELECTOR = YES;
				GCC_WARN_UNINITIALIZED_AUTOS = YES_AGGRESSIVE;
				GCC_WARN_UNUSED_FUNCTION = YES;
				GCC_WARN_UNUSED_VARIABLE = YES;
				IPHONEOS_DEPLOYMENT_TARGET = 10.1;
				MTL_ENABLE_DEBUG_INFO = NO;
				SDKROOT = iphoneos;
				SWIFT_OPTIMIZATION_LEVEL = "-Owholemodule";
				VALIDATE_PRODUCT = YES;
			};
			name = Release;
		};
		71D411471DF464AF006B0694 /* Debug */ = {
			isa = XCBuildConfiguration;
			buildSettings = {
				ASSETCATALOG_COMPILER_APPICON_NAME = AppIcon;
				DEVELOPMENT_TEAM = 975R26MN46;
				INFOPLIST_FILE = Ambrogio/Info.plist;
				LD_RUNPATH_SEARCH_PATHS = "$(inherited) @executable_path/Frameworks";
				PRODUCT_BUNDLE_IDENTIFIER = com.michelegruppioni.Ambrogio;
				PRODUCT_NAME = "$(TARGET_NAME)";
				SWIFT_VERSION = 3.0;
				TARGETED_DEVICE_FAMILY = "1,2";
			};
			name = Debug;
		};
		71D411481DF464AF006B0694 /* Release */ = {
			isa = XCBuildConfiguration;
			buildSettings = {
				ASSETCATALOG_COMPILER_APPICON_NAME = AppIcon;
				DEVELOPMENT_TEAM = 975R26MN46;
				INFOPLIST_FILE = Ambrogio/Info.plist;
				LD_RUNPATH_SEARCH_PATHS = "$(inherited) @executable_path/Frameworks";
				PRODUCT_BUNDLE_IDENTIFIER = com.michelegruppioni.Ambrogio;
				PRODUCT_NAME = "$(TARGET_NAME)";
				SWIFT_VERSION = 3.0;
				TARGETED_DEVICE_FAMILY = "1,2";
			};
			name = Release;
		};
		71D4114A1DF464AF006B0694 /* Debug */ = {
			isa = XCBuildConfiguration;
			buildSettings = {
				ALWAYS_EMBED_SWIFT_STANDARD_LIBRARIES = YES;
				BUNDLE_LOADER = "$(TEST_HOST)";
				DEVELOPMENT_TEAM = 975R26MN46;
				INFOPLIST_FILE = AmbrogioTests/Info.plist;
				LD_RUNPATH_SEARCH_PATHS = "$(inherited) @executable_path/Frameworks @loader_path/Frameworks";
				PRODUCT_BUNDLE_IDENTIFIER = com.michelegruppioni.AmbrogioTests;
				PRODUCT_NAME = "$(TARGET_NAME)";
				SWIFT_VERSION = 3.0;
				TEST_HOST = "$(BUILT_PRODUCTS_DIR)/Ambrogio.app/Ambrogio";
			};
			name = Debug;
		};
		71D4114B1DF464AF006B0694 /* Release */ = {
			isa = XCBuildConfiguration;
			buildSettings = {
				ALWAYS_EMBED_SWIFT_STANDARD_LIBRARIES = YES;
				BUNDLE_LOADER = "$(TEST_HOST)";
				DEVELOPMENT_TEAM = 975R26MN46;
				INFOPLIST_FILE = AmbrogioTests/Info.plist;
				LD_RUNPATH_SEARCH_PATHS = "$(inherited) @executable_path/Frameworks @loader_path/Frameworks";
				PRODUCT_BUNDLE_IDENTIFIER = com.michelegruppioni.AmbrogioTests;
				PRODUCT_NAME = "$(TARGET_NAME)";
				SWIFT_VERSION = 3.0;
				TEST_HOST = "$(BUILT_PRODUCTS_DIR)/Ambrogio.app/Ambrogio";
			};
			name = Release;
		};
		71D411591DF47293006B0694 /* Debug */ = {
			isa = XCBuildConfiguration;
			buildSettings = {
				ASSETCATALOG_COMPILER_APPICON_NAME = AppIcon;
				DEVELOPMENT_TEAM = 975R26MN46;
				INFOPLIST_FILE = "LedPanelOn-Info.plist";
				LD_RUNPATH_SEARCH_PATHS = "$(inherited) @executable_path/Frameworks";
				PRODUCT_BUNDLE_IDENTIFIER = com.michelegruppioni.Ambrogio;
				PRODUCT_NAME = "$(TARGET_NAME)";
				SWIFT_VERSION = 3.0;
				TARGETED_DEVICE_FAMILY = "1,2";
			};
			name = Debug;
		};
		71D4115A1DF47293006B0694 /* Release */ = {
			isa = XCBuildConfiguration;
			buildSettings = {
				ASSETCATALOG_COMPILER_APPICON_NAME = AppIcon;
				DEVELOPMENT_TEAM = 975R26MN46;
				INFOPLIST_FILE = "LedPanelOn-Info.plist";
				LD_RUNPATH_SEARCH_PATHS = "$(inherited) @executable_path/Frameworks";
				PRODUCT_BUNDLE_IDENTIFIER = com.michelegruppioni.Ambrogio;
				PRODUCT_NAME = "$(TARGET_NAME)";
				SWIFT_VERSION = 3.0;
				TARGETED_DEVICE_FAMILY = "1,2";
			};
			name = Release;
		};
		71D411771DF477B0006B0694 /* Debug */ = {
			isa = XCBuildConfiguration;
			buildSettings = {
				ASSETCATALOG_COMPILER_APPICON_NAME = AppIcon;
				DEVELOPMENT_TEAM = 975R26MN46;
				INFOPLIST_FILE = "$(SRCROOT)/LedPanelOff-Info.plist";
				LD_RUNPATH_SEARCH_PATHS = "$(inherited) @executable_path/Frameworks";
				PRODUCT_BUNDLE_IDENTIFIER = com.michelegruppioni.Ambrogio;
				PRODUCT_NAME = "$(TARGET_NAME)";
				SWIFT_VERSION = 3.0;
				TARGETED_DEVICE_FAMILY = "1,2";
			};
			name = Debug;
		};
		71D411781DF477B0006B0694 /* Release */ = {
			isa = XCBuildConfiguration;
			buildSettings = {
				ASSETCATALOG_COMPILER_APPICON_NAME = AppIcon;
				DEVELOPMENT_TEAM = 975R26MN46;
				INFOPLIST_FILE = "$(SRCROOT)/LedPanelOff-Info.plist";
				LD_RUNPATH_SEARCH_PATHS = "$(inherited) @executable_path/Frameworks";
				PRODUCT_BUNDLE_IDENTIFIER = com.michelegruppioni.Ambrogio;
				PRODUCT_NAME = "$(TARGET_NAME)";
				SWIFT_VERSION = 3.0;
				TARGETED_DEVICE_FAMILY = "1,2";
			};
			name = Release;
		};
		71D411861DF47820006B0694 /* Debug */ = {
			isa = XCBuildConfiguration;
			buildSettings = {
				ASSETCATALOG_COMPILER_APPICON_NAME = AppIcon;
				DEVELOPMENT_TEAM = 975R26MN46;
				INFOPLIST_FILE = "$(SRCROOT)/LivingRoomLampOn-Info.plist";
				LD_RUNPATH_SEARCH_PATHS = "$(inherited) @executable_path/Frameworks";
				PRODUCT_BUNDLE_IDENTIFIER = com.michelegruppioni.Ambrogio.LivingRoomLampOn;
				PRODUCT_NAME = "$(TARGET_NAME)";
				SWIFT_VERSION = 3.0;
				TARGETED_DEVICE_FAMILY = "1,2";
			};
			name = Debug;
		};
		71D411871DF47820006B0694 /* Release */ = {
			isa = XCBuildConfiguration;
			buildSettings = {
				ASSETCATALOG_COMPILER_APPICON_NAME = AppIcon;
				DEVELOPMENT_TEAM = 975R26MN46;
				INFOPLIST_FILE = "$(SRCROOT)/LivingRoomLampOn-Info.plist";
				LD_RUNPATH_SEARCH_PATHS = "$(inherited) @executable_path/Frameworks";
				PRODUCT_BUNDLE_IDENTIFIER = com.michelegruppioni.Ambrogio.LivingRoomLampOn;
				PRODUCT_NAME = "$(TARGET_NAME)";
				SWIFT_VERSION = 3.0;
				TARGETED_DEVICE_FAMILY = "1,2";
			};
			name = Release;
		};
		71D411951DF47879006B0694 /* Debug */ = {
			isa = XCBuildConfiguration;
			buildSettings = {
				ASSETCATALOG_COMPILER_APPICON_NAME = AppIcon;
				DEVELOPMENT_TEAM = 975R26MN46;
				INFOPLIST_FILE = "$(SRCROOT)/LivingRoomLampOff-Info.plist";
				LD_RUNPATH_SEARCH_PATHS = "$(inherited) @executable_path/Frameworks";
				PRODUCT_BUNDLE_IDENTIFIER = com.michelegruppioni.Ambrogio.LivingRoomLampOn;
				PRODUCT_NAME = "$(TARGET_NAME)";
				SWIFT_VERSION = 3.0;
				TARGETED_DEVICE_FAMILY = "1,2";
			};
			name = Debug;
		};
		71D411961DF47879006B0694 /* Release */ = {
			isa = XCBuildConfiguration;
			buildSettings = {
				ASSETCATALOG_COMPILER_APPICON_NAME = AppIcon;
				DEVELOPMENT_TEAM = 975R26MN46;
				INFOPLIST_FILE = "$(SRCROOT)/LivingRoomLampOff-Info.plist";
				LD_RUNPATH_SEARCH_PATHS = "$(inherited) @executable_path/Frameworks";
				PRODUCT_BUNDLE_IDENTIFIER = com.michelegruppioni.Ambrogio.LivingRoomLampOn;
				PRODUCT_NAME = "$(TARGET_NAME)";
				SWIFT_VERSION = 3.0;
				TARGETED_DEVICE_FAMILY = "1,2";
			};
			name = Release;
		};
		71D411A41DF47A0A006B0694 /* Debug */ = {
			isa = XCBuildConfiguration;
			buildSettings = {
				ASSETCATALOG_COMPILER_APPICON_NAME = AppIcon;
				DEVELOPMENT_TEAM = 975R26MN46;
				INFOPLIST_FILE = "$(SRCROOT)/LedStripLeftOn-Info.plist";
				LD_RUNPATH_SEARCH_PATHS = "$(inherited) @executable_path/Frameworks";
				PRODUCT_BUNDLE_IDENTIFIER = com.michelegruppioni.Ambrogio.LivingRoomLampOn;
				PRODUCT_NAME = "$(TARGET_NAME)";
				SWIFT_VERSION = 3.0;
				TARGETED_DEVICE_FAMILY = "1,2";
			};
			name = Debug;
		};
		71D411A51DF47A0A006B0694 /* Release */ = {
			isa = XCBuildConfiguration;
			buildSettings = {
				ASSETCATALOG_COMPILER_APPICON_NAME = AppIcon;
				DEVELOPMENT_TEAM = 975R26MN46;
				INFOPLIST_FILE = "$(SRCROOT)/LedStripLeftOn-Info.plist";
				LD_RUNPATH_SEARCH_PATHS = "$(inherited) @executable_path/Frameworks";
				PRODUCT_BUNDLE_IDENTIFIER = com.michelegruppioni.Ambrogio.LivingRoomLampOn;
				PRODUCT_NAME = "$(TARGET_NAME)";
				SWIFT_VERSION = 3.0;
				TARGETED_DEVICE_FAMILY = "1,2";
			};
			name = Release;
		};
		71D411B31DF47AB8006B0694 /* Debug */ = {
			isa = XCBuildConfiguration;
			buildSettings = {
				ASSETCATALOG_COMPILER_APPICON_NAME = AppIcon;
				DEVELOPMENT_TEAM = 975R26MN46;
				INFOPLIST_FILE = "$(SRCROOT)/LedStripLeftOff-Info.plist";
				LD_RUNPATH_SEARCH_PATHS = "$(inherited) @executable_path/Frameworks";
				PRODUCT_BUNDLE_IDENTIFIER = com.michelegruppioni.Ambrogio.LedStripLeftOff;
				PRODUCT_NAME = "$(TARGET_NAME)";
				SWIFT_VERSION = 3.0;
				TARGETED_DEVICE_FAMILY = "1,2";
			};
			name = Debug;
		};
		71D411B41DF47AB8006B0694 /* Release */ = {
			isa = XCBuildConfiguration;
			buildSettings = {
				ASSETCATALOG_COMPILER_APPICON_NAME = AppIcon;
				DEVELOPMENT_TEAM = 975R26MN46;
				INFOPLIST_FILE = "$(SRCROOT)/LedStripLeftOff-Info.plist";
				LD_RUNPATH_SEARCH_PATHS = "$(inherited) @executable_path/Frameworks";
				PRODUCT_BUNDLE_IDENTIFIER = com.michelegruppioni.Ambrogio.LedStripLeftOff;
				PRODUCT_NAME = "$(TARGET_NAME)";
				SWIFT_VERSION = 3.0;
				TARGETED_DEVICE_FAMILY = "1,2";
			};
			name = Release;
		};
		71D411C21DF47B0E006B0694 /* Debug */ = {
			isa = XCBuildConfiguration;
			buildSettings = {
				ASSETCATALOG_COMPILER_APPICON_NAME = AppIcon;
				DEVELOPMENT_TEAM = 975R26MN46;
				INFOPLIST_FILE = "$(SRCROOT)/LedStripRightOn-Info.plist";
				LD_RUNPATH_SEARCH_PATHS = "$(inherited) @executable_path/Frameworks";
				PRODUCT_BUNDLE_IDENTIFIER = com.michelegruppioni.Ambrogio.LivingRoomLampOn;
				PRODUCT_NAME = "$(TARGET_NAME)";
				SWIFT_VERSION = 3.0;
				TARGETED_DEVICE_FAMILY = "1,2";
			};
			name = Debug;
		};
		71D411C31DF47B0E006B0694 /* Release */ = {
			isa = XCBuildConfiguration;
			buildSettings = {
				ASSETCATALOG_COMPILER_APPICON_NAME = AppIcon;
				DEVELOPMENT_TEAM = 975R26MN46;
				INFOPLIST_FILE = "$(SRCROOT)/LedStripRightOn-Info.plist";
				LD_RUNPATH_SEARCH_PATHS = "$(inherited) @executable_path/Frameworks";
				PRODUCT_BUNDLE_IDENTIFIER = com.michelegruppioni.Ambrogio.LivingRoomLampOn;
				PRODUCT_NAME = "$(TARGET_NAME)";
				SWIFT_VERSION = 3.0;
				TARGETED_DEVICE_FAMILY = "1,2";
			};
			name = Release;
		};
		71D411D11DF47B60006B0694 /* Debug */ = {
			isa = XCBuildConfiguration;
			buildSettings = {
				ASSETCATALOG_COMPILER_APPICON_NAME = AppIcon;
				DEVELOPMENT_TEAM = 975R26MN46;
				INFOPLIST_FILE = "$(SRCROOT)/LedStripRightOff-Info.plist";
				LD_RUNPATH_SEARCH_PATHS = "$(inherited) @executable_path/Frameworks";
				PRODUCT_BUNDLE_IDENTIFIER = com.michelegruppioni.Ambrogio.LivingRoomLampOn;
				PRODUCT_NAME = "$(TARGET_NAME)";
				SWIFT_VERSION = 3.0;
				TARGETED_DEVICE_FAMILY = "1,2";
			};
			name = Debug;
		};
		71D411D21DF47B60006B0694 /* Release */ = {
			isa = XCBuildConfiguration;
			buildSettings = {
				ASSETCATALOG_COMPILER_APPICON_NAME = AppIcon;
				DEVELOPMENT_TEAM = 975R26MN46;
				INFOPLIST_FILE = "$(SRCROOT)/LedStripRightOff-Info.plist";
				LD_RUNPATH_SEARCH_PATHS = "$(inherited) @executable_path/Frameworks";
				PRODUCT_BUNDLE_IDENTIFIER = com.michelegruppioni.Ambrogio.LivingRoomLampOn;
				PRODUCT_NAME = "$(TARGET_NAME)";
				SWIFT_VERSION = 3.0;
				TARGETED_DEVICE_FAMILY = "1,2";
			};
			name = Release;
		};
		71D411E01DF47BD7006B0694 /* Debug */ = {
			isa = XCBuildConfiguration;
			buildSettings = {
				ASSETCATALOG_COMPILER_APPICON_NAME = AppIcon;
				DEVELOPMENT_TEAM = 975R26MN46;
				INFOPLIST_FILE = "$(SRCROOT)/CoffeeMachineOn-Info.plist";
				LD_RUNPATH_SEARCH_PATHS = "$(inherited) @executable_path/Frameworks";
				PRODUCT_BUNDLE_IDENTIFIER = com.michelegruppioni.Ambrogio.LivingRoomLampOn;
				PRODUCT_NAME = "$(TARGET_NAME)";
				SWIFT_VERSION = 3.0;
				TARGETED_DEVICE_FAMILY = "1,2";
			};
			name = Debug;
		};
		71D411E11DF47BD7006B0694 /* Release */ = {
			isa = XCBuildConfiguration;
			buildSettings = {
				ASSETCATALOG_COMPILER_APPICON_NAME = AppIcon;
				DEVELOPMENT_TEAM = 975R26MN46;
				INFOPLIST_FILE = "$(SRCROOT)/CoffeeMachineOn-Info.plist";
				LD_RUNPATH_SEARCH_PATHS = "$(inherited) @executable_path/Frameworks";
				PRODUCT_BUNDLE_IDENTIFIER = com.michelegruppioni.Ambrogio.LivingRoomLampOn;
				PRODUCT_NAME = "$(TARGET_NAME)";
				SWIFT_VERSION = 3.0;
				TARGETED_DEVICE_FAMILY = "1,2";
			};
			name = Release;
		};
		71D411EF1DF47C36006B0694 /* Debug */ = {
			isa = XCBuildConfiguration;
			buildSettings = {
				ASSETCATALOG_COMPILER_APPICON_NAME = AppIcon;
				DEVELOPMENT_TEAM = 975R26MN46;
				INFOPLIST_FILE = "$(SRCROOT)/CoffeeMachineOff-Info.plist";
				LD_RUNPATH_SEARCH_PATHS = "$(inherited) @executable_path/Frameworks";
				PRODUCT_BUNDLE_IDENTIFIER = com.michelegruppioni.Ambrogio.LivingRoomLampOn;
				PRODUCT_NAME = "$(TARGET_NAME)";
				SWIFT_VERSION = 3.0;
				TARGETED_DEVICE_FAMILY = "1,2";
			};
			name = Debug;
		};
		71D411F01DF47C36006B0694 /* Release */ = {
			isa = XCBuildConfiguration;
			buildSettings = {
				ASSETCATALOG_COMPILER_APPICON_NAME = AppIcon;
				DEVELOPMENT_TEAM = 975R26MN46;
				INFOPLIST_FILE = "$(SRCROOT)/CoffeeMachineOff-Info.plist";
				LD_RUNPATH_SEARCH_PATHS = "$(inherited) @executable_path/Frameworks";
				PRODUCT_BUNDLE_IDENTIFIER = com.michelegruppioni.Ambrogio.LivingRoomLampOn;
				PRODUCT_NAME = "$(TARGET_NAME)";
				SWIFT_VERSION = 3.0;
				TARGETED_DEVICE_FAMILY = "1,2";
			};
			name = Release;
		};
		71D411FE1DF47CA1006B0694 /* Debug */ = {
			isa = XCBuildConfiguration;
			buildSettings = {
				ASSETCATALOG_COMPILER_APPICON_NAME = AppIcon;
				DEVELOPMENT_TEAM = 975R26MN46;
				INFOPLIST_FILE = "$(SRCROOT)/TvOn-Info.plist";
				LD_RUNPATH_SEARCH_PATHS = "$(inherited) @executable_path/Frameworks";
				PRODUCT_BUNDLE_IDENTIFIER = com.michelegruppioni.Ambrogio.LivingRoomLampOn;
				PRODUCT_NAME = "$(TARGET_NAME)";
				SWIFT_VERSION = 3.0;
				TARGETED_DEVICE_FAMILY = "1,2";
			};
			name = Debug;
		};
		71D411FF1DF47CA1006B0694 /* Release */ = {
			isa = XCBuildConfiguration;
			buildSettings = {
				ASSETCATALOG_COMPILER_APPICON_NAME = AppIcon;
				DEVELOPMENT_TEAM = 975R26MN46;
				INFOPLIST_FILE = "$(SRCROOT)/TvOn-Info.plist";
				LD_RUNPATH_SEARCH_PATHS = "$(inherited) @executable_path/Frameworks";
				PRODUCT_BUNDLE_IDENTIFIER = com.michelegruppioni.Ambrogio.LivingRoomLampOn;
				PRODUCT_NAME = "$(TARGET_NAME)";
				SWIFT_VERSION = 3.0;
				TARGETED_DEVICE_FAMILY = "1,2";
			};
			name = Release;
		};
		71D4120D1DF47CE6006B0694 /* Debug */ = {
			isa = XCBuildConfiguration;
			buildSettings = {
				ASSETCATALOG_COMPILER_APPICON_NAME = AppIcon;
				DEVELOPMENT_TEAM = 975R26MN46;
				INFOPLIST_FILE = "$(SRCROOT)/TvOff-Info.plist";
				LD_RUNPATH_SEARCH_PATHS = "$(inherited) @executable_path/Frameworks";
				PRODUCT_BUNDLE_IDENTIFIER = com.michelegruppioni.Ambrogio.LivingRoomLampOn;
				PRODUCT_NAME = "$(TARGET_NAME)";
				SWIFT_VERSION = 3.0;
				TARGETED_DEVICE_FAMILY = "1,2";
			};
			name = Debug;
		};
		71D4120E1DF47CE6006B0694 /* Release */ = {
			isa = XCBuildConfiguration;
			buildSettings = {
				ASSETCATALOG_COMPILER_APPICON_NAME = AppIcon;
				DEVELOPMENT_TEAM = 975R26MN46;
				INFOPLIST_FILE = "$(SRCROOT)/TvOff-Info.plist";
				LD_RUNPATH_SEARCH_PATHS = "$(inherited) @executable_path/Frameworks";
				PRODUCT_BUNDLE_IDENTIFIER = com.michelegruppioni.Ambrogio.LivingRoomLampOn;
				PRODUCT_NAME = "$(TARGET_NAME)";
				SWIFT_VERSION = 3.0;
				TARGETED_DEVICE_FAMILY = "1,2";
			};
			name = Release;
		};
		71D4121C1DF47D30006B0694 /* Debug */ = {
			isa = XCBuildConfiguration;
			buildSettings = {
				ASSETCATALOG_COMPILER_APPICON_NAME = AppIcon;
				DEVELOPMENT_TEAM = 975R26MN46;
				INFOPLIST_FILE = "$(SRCROOT)/ChristmasTreeOn-Info.plist";
				LD_RUNPATH_SEARCH_PATHS = "$(inherited) @executable_path/Frameworks";
				PRODUCT_BUNDLE_IDENTIFIER = com.michelegruppioni.Ambrogio.LivingRoomLampOn;
				PRODUCT_NAME = "$(TARGET_NAME)";
				SWIFT_VERSION = 3.0;
				TARGETED_DEVICE_FAMILY = "1,2";
			};
			name = Debug;
		};
		71D4121D1DF47D30006B0694 /* Release */ = {
			isa = XCBuildConfiguration;
			buildSettings = {
				ASSETCATALOG_COMPILER_APPICON_NAME = AppIcon;
				DEVELOPMENT_TEAM = 975R26MN46;
				INFOPLIST_FILE = "$(SRCROOT)/ChristmasTreeOn-Info.plist";
				LD_RUNPATH_SEARCH_PATHS = "$(inherited) @executable_path/Frameworks";
				PRODUCT_BUNDLE_IDENTIFIER = com.michelegruppioni.Ambrogio.LivingRoomLampOn;
				PRODUCT_NAME = "$(TARGET_NAME)";
				SWIFT_VERSION = 3.0;
				TARGETED_DEVICE_FAMILY = "1,2";
			};
			name = Release;
		};
		71D4122B1DF47D9E006B0694 /* Debug */ = {
			isa = XCBuildConfiguration;
			buildSettings = {
				ASSETCATALOG_COMPILER_APPICON_NAME = AppIcon;
				DEVELOPMENT_TEAM = 975R26MN46;
				INFOPLIST_FILE = "$(SRCROOT)/ChristmasTreeOff-Info.plist";
				LD_RUNPATH_SEARCH_PATHS = "$(inherited) @executable_path/Frameworks";
				PRODUCT_BUNDLE_IDENTIFIER = com.michelegruppioni.Ambrogio.LivingRoomLampOn;
				PRODUCT_NAME = "$(TARGET_NAME)";
				SWIFT_VERSION = 3.0;
				TARGETED_DEVICE_FAMILY = "1,2";
			};
			name = Debug;
		};
		71D4122C1DF47D9E006B0694 /* Release */ = {
			isa = XCBuildConfiguration;
			buildSettings = {
				ASSETCATALOG_COMPILER_APPICON_NAME = AppIcon;
				DEVELOPMENT_TEAM = 975R26MN46;
				INFOPLIST_FILE = "$(SRCROOT)/ChristmasTreeOff-Info.plist";
				LD_RUNPATH_SEARCH_PATHS = "$(inherited) @executable_path/Frameworks";
				PRODUCT_BUNDLE_IDENTIFIER = com.michelegruppioni.Ambrogio.LivingRoomLampOn;
				PRODUCT_NAME = "$(TARGET_NAME)";
				SWIFT_VERSION = 3.0;
				TARGETED_DEVICE_FAMILY = "1,2";
			};
			name = Release;
		};
/* End XCBuildConfiguration section */

/* Begin XCConfigurationList section */
		71D411241DF464AF006B0694 /* Build configuration list for PBXProject "Ambrogio" */ = {
			isa = XCConfigurationList;
			buildConfigurations = (
				71D411441DF464AF006B0694 /* Debug */,
				71D411451DF464AF006B0694 /* Release */,
			);
			defaultConfigurationIsVisible = 0;
			defaultConfigurationName = Release;
		};
		71D411461DF464AF006B0694 /* Build configuration list for PBXNativeTarget "Ambrogio" */ = {
			isa = XCConfigurationList;
			buildConfigurations = (
				71D411471DF464AF006B0694 /* Debug */,
				71D411481DF464AF006B0694 /* Release */,
			);
			defaultConfigurationIsVisible = 0;
		};
		71D411491DF464AF006B0694 /* Build configuration list for PBXNativeTarget "AmbrogioTests" */ = {
			isa = XCConfigurationList;
			buildConfigurations = (
				71D4114A1DF464AF006B0694 /* Debug */,
				71D4114B1DF464AF006B0694 /* Release */,
			);
			defaultConfigurationIsVisible = 0;
		};
		71D411581DF47293006B0694 /* Build configuration list for PBXNativeTarget "LedPanelOn" */ = {
			isa = XCConfigurationList;
			buildConfigurations = (
				71D411591DF47293006B0694 /* Debug */,
				71D4115A1DF47293006B0694 /* Release */,
			);
			defaultConfigurationIsVisible = 0;
			defaultConfigurationName = Release;
		};
		71D411761DF477B0006B0694 /* Build configuration list for PBXNativeTarget "LedPanelOff" */ = {
			isa = XCConfigurationList;
			buildConfigurations = (
				71D411771DF477B0006B0694 /* Debug */,
				71D411781DF477B0006B0694 /* Release */,
			);
			defaultConfigurationIsVisible = 0;
			defaultConfigurationName = Release;
		};
		71D411851DF47820006B0694 /* Build configuration list for PBXNativeTarget "LivingRoomLampOn" */ = {
			isa = XCConfigurationList;
			buildConfigurations = (
				71D411861DF47820006B0694 /* Debug */,
				71D411871DF47820006B0694 /* Release */,
			);
			defaultConfigurationIsVisible = 0;
			defaultConfigurationName = Release;
		};
		71D411941DF47879006B0694 /* Build configuration list for PBXNativeTarget "LivingRoomLampOff" */ = {
			isa = XCConfigurationList;
			buildConfigurations = (
				71D411951DF47879006B0694 /* Debug */,
				71D411961DF47879006B0694 /* Release */,
			);
			defaultConfigurationIsVisible = 0;
			defaultConfigurationName = Release;
		};
		71D411A31DF47A0A006B0694 /* Build configuration list for PBXNativeTarget "LedStripLeftOn" */ = {
			isa = XCConfigurationList;
			buildConfigurations = (
				71D411A41DF47A0A006B0694 /* Debug */,
				71D411A51DF47A0A006B0694 /* Release */,
			);
			defaultConfigurationIsVisible = 0;
			defaultConfigurationName = Release;
		};
		71D411B21DF47AB8006B0694 /* Build configuration list for PBXNativeTarget "LedStripLeftOff" */ = {
			isa = XCConfigurationList;
			buildConfigurations = (
				71D411B31DF47AB8006B0694 /* Debug */,
				71D411B41DF47AB8006B0694 /* Release */,
			);
			defaultConfigurationIsVisible = 0;
			defaultConfigurationName = Release;
		};
		71D411C11DF47B0E006B0694 /* Build configuration list for PBXNativeTarget "LedStripRightOn" */ = {
			isa = XCConfigurationList;
			buildConfigurations = (
				71D411C21DF47B0E006B0694 /* Debug */,
				71D411C31DF47B0E006B0694 /* Release */,
			);
			defaultConfigurationIsVisible = 0;
			defaultConfigurationName = Release;
		};
		71D411D01DF47B60006B0694 /* Build configuration list for PBXNativeTarget "LedStripRightOff" */ = {
			isa = XCConfigurationList;
			buildConfigurations = (
				71D411D11DF47B60006B0694 /* Debug */,
				71D411D21DF47B60006B0694 /* Release */,
			);
			defaultConfigurationIsVisible = 0;
			defaultConfigurationName = Release;
		};
		71D411DF1DF47BD7006B0694 /* Build configuration list for PBXNativeTarget "CoffeeMachineOn" */ = {
			isa = XCConfigurationList;
			buildConfigurations = (
				71D411E01DF47BD7006B0694 /* Debug */,
				71D411E11DF47BD7006B0694 /* Release */,
			);
			defaultConfigurationIsVisible = 0;
			defaultConfigurationName = Release;
		};
		71D411EE1DF47C36006B0694 /* Build configuration list for PBXNativeTarget "CoffeeMachineOff" */ = {
			isa = XCConfigurationList;
			buildConfigurations = (
				71D411EF1DF47C36006B0694 /* Debug */,
				71D411F01DF47C36006B0694 /* Release */,
			);
			defaultConfigurationIsVisible = 0;
			defaultConfigurationName = Release;
		};
		71D411FD1DF47CA1006B0694 /* Build configuration list for PBXNativeTarget "TvOn" */ = {
			isa = XCConfigurationList;
			buildConfigurations = (
				71D411FE1DF47CA1006B0694 /* Debug */,
				71D411FF1DF47CA1006B0694 /* Release */,
			);
			defaultConfigurationIsVisible = 0;
			defaultConfigurationName = Release;
		};
		71D4120C1DF47CE6006B0694 /* Build configuration list for PBXNativeTarget "TvOff" */ = {
			isa = XCConfigurationList;
			buildConfigurations = (
				71D4120D1DF47CE6006B0694 /* Debug */,
				71D4120E1DF47CE6006B0694 /* Release */,
			);
			defaultConfigurationIsVisible = 0;
			defaultConfigurationName = Release;
		};
		71D4121B1DF47D30006B0694 /* Build configuration list for PBXNativeTarget "ChristmasTreeOn" */ = {
			isa = XCConfigurationList;
			buildConfigurations = (
				71D4121C1DF47D30006B0694 /* Debug */,
				71D4121D1DF47D30006B0694 /* Release */,
			);
			defaultConfigurationIsVisible = 0;
			defaultConfigurationName = Release;
		};
		71D4122A1DF47D9E006B0694 /* Build configuration list for PBXNativeTarget "ChristmasTreeOff" */ = {
			isa = XCConfigurationList;
			buildConfigurations = (
				71D4122B1DF47D9E006B0694 /* Debug */,
				71D4122C1DF47D9E006B0694 /* Release */,
			);
			defaultConfigurationIsVisible = 0;
			defaultConfigurationName = Release;
		};
/* End XCConfigurationList section */
	};
	rootObject = 71D411211DF464AF006B0694 /* Project object */;
}
