// !$*UTF8*$!
{
	archiveVersion = 1;
	classes = {
	};
	objectVersion = 46;
	objects = {

/* Begin PBXBuildFile section */
		71089A5E1DF316F7000D234D /* AukeyCommand.cpp in Sources */ = {isa = PBXBuildFile; fileRef = 71089A5C1DF316F7000D234D /* AukeyCommand.cpp */; };
		71089A611DF326EB000D234D /* RCSwitchMock.cpp in Sources */ = {isa = PBXBuildFile; fileRef = 71089A5F1DF326EB000D234D /* RCSwitchMock.cpp */; };
		71BF105B1DE1EB6F0092DAE1 /* main.cpp in Sources */ = {isa = PBXBuildFile; fileRef = 71BF105A1DE1EB6F0092DAE1 /* main.cpp */; };
		71BF10681DE1ED250092DAE1 /* CommandExecutor.cpp in Sources */ = {isa = PBXBuildFile; fileRef = 71BF10661DE1ED250092DAE1 /* CommandExecutor.cpp */; };
		71BF106B1DE1F1C60092DAE1 /* CommandExecutorDecorator.cpp in Sources */ = {isa = PBXBuildFile; fileRef = 71BF10691DE1F1C60092DAE1 /* CommandExecutorDecorator.cpp */; };
		71BF106E1DE1F2070092DAE1 /* TestCommand.cpp in Sources */ = {isa = PBXBuildFile; fileRef = 71BF106C1DE1F2070092DAE1 /* TestCommand.cpp */; };
		71BF10711DE23DE50092DAE1 /* TestDoubleExecutionCommandExecutor.cpp in Sources */ = {isa = PBXBuildFile; fileRef = 71BF106F1DE23DE50092DAE1 /* TestDoubleExecutionCommandExecutor.cpp */; };
		71BF10741DE244C90092DAE1 /* SerialLoggerCommandExecutor.cpp in Sources */ = {isa = PBXBuildFile; fileRef = 71BF10721DE244C90092DAE1 /* SerialLoggerCommandExecutor.cpp */; };
		71BF10771DE2498B0092DAE1 /* CommandFactory.cpp in Sources */ = {isa = PBXBuildFile; fileRef = 71BF10751DE2498B0092DAE1 /* CommandFactory.cpp */; };
		71BF107A1DE24AA20092DAE1 /* NullCommand.cpp in Sources */ = {isa = PBXBuildFile; fileRef = 71BF10781DE24AA20092DAE1 /* NullCommand.cpp */; };
		71BF107D1DE24BC30092DAE1 /* LedPanelOnCommand.cpp in Sources */ = {isa = PBXBuildFile; fileRef = 71BF107B1DE24BC30092DAE1 /* LedPanelOnCommand.cpp */; };
		71BF10811DE260980092DAE1 /* LedPanelOffCommand.cpp in Sources */ = {isa = PBXBuildFile; fileRef = 71BF107F1DE260980092DAE1 /* LedPanelOffCommand.cpp */; };
		71BF10851DE265DE0092DAE1 /* LivingRoomLampOnCommand.cpp in Sources */ = {isa = PBXBuildFile; fileRef = 71BF10831DE265DE0092DAE1 /* LivingRoomLampOnCommand.cpp */; };
		71BF108D1DE26AE90092DAE1 /* LivingRoomLampOffCommand.cpp in Sources */ = {isa = PBXBuildFile; fileRef = 71BF108B1DE26AE90092DAE1 /* LivingRoomLampOffCommand.cpp */; };
		71F939881DE275E80010DA95 /* LedIndicatorCommandExecutor.cpp in Sources */ = {isa = PBXBuildFile; fileRef = 71F939861DE275E80010DA95 /* LedIndicatorCommandExecutor.cpp */; };
/* End PBXBuildFile section */

/* Begin PBXCopyFilesBuildPhase section */
		71BF104E1DE0BE640092DAE1 /* CopyFiles */ = {
			isa = PBXCopyFilesBuildPhase;
			buildActionMask = 2147483647;
			dstPath = /usr/share/man/man1/;
			dstSubfolderSpec = 0;
			files = (
			);
			runOnlyForDeploymentPostprocessing = 1;
		};
/* End PBXCopyFilesBuildPhase section */

/* Begin PBXFileReference section */
		71089A5C1DF316F7000D234D /* AukeyCommand.cpp */ = {isa = PBXFileReference; fileEncoding = 4; lastKnownFileType = sourcecode.cpp.cpp; path = AukeyCommand.cpp; sourceTree = "<group>"; };
		71089A5D1DF316F7000D234D /* AukeyCommand.h */ = {isa = PBXFileReference; fileEncoding = 4; lastKnownFileType = sourcecode.c.h; path = AukeyCommand.h; sourceTree = "<group>"; };
		71089A5F1DF326EB000D234D /* RCSwitchMock.cpp */ = {isa = PBXFileReference; fileEncoding = 4; lastKnownFileType = sourcecode.cpp.cpp; path = RCSwitchMock.cpp; sourceTree = "<group>"; };
		71089A601DF326EB000D234D /* RCSwitchMock.h */ = {isa = PBXFileReference; fileEncoding = 4; lastKnownFileType = sourcecode.c.h; path = RCSwitchMock.h; sourceTree = "<group>"; };
		71089A621DF32847000D234D /* Ambrogio.h */ = {isa = PBXFileReference; fileEncoding = 4; lastKnownFileType = sourcecode.c.h; path = Ambrogio.h; sourceTree = "<group>"; };
		71BF10501DE0BE640092DAE1 /* Ambrogio */ = {isa = PBXFileReference; explicitFileType = "compiled.mach-o.executable"; includeInIndex = 0; path = Ambrogio; sourceTree = BUILT_PRODUCTS_DIR; };
		71BF105A1DE1EB6F0092DAE1 /* main.cpp */ = {isa = PBXFileReference; fileEncoding = 4; lastKnownFileType = sourcecode.cpp.cpp; name = main.cpp; path = Tests/main.cpp; sourceTree = "<group>"; };
		71BF10641DE1EC5B0092DAE1 /* Command.h */ = {isa = PBXFileReference; fileEncoding = 4; lastKnownFileType = sourcecode.c.h; path = Command.h; sourceTree = "<group>"; };
		71BF10661DE1ED250092DAE1 /* CommandExecutor.cpp */ = {isa = PBXFileReference; fileEncoding = 4; lastKnownFileType = sourcecode.cpp.cpp; path = CommandExecutor.cpp; sourceTree = "<group>"; };
		71BF10671DE1ED250092DAE1 /* CommandExecutor.h */ = {isa = PBXFileReference; fileEncoding = 4; lastKnownFileType = sourcecode.c.h; path = CommandExecutor.h; sourceTree = "<group>"; };
		71BF10691DE1F1C60092DAE1 /* CommandExecutorDecorator.cpp */ = {isa = PBXFileReference; fileEncoding = 4; lastKnownFileType = sourcecode.cpp.cpp; path = CommandExecutorDecorator.cpp; sourceTree = "<group>"; };
		71BF106A1DE1F1C60092DAE1 /* CommandExecutorDecorator.h */ = {isa = PBXFileReference; fileEncoding = 4; lastKnownFileType = sourcecode.c.h; path = CommandExecutorDecorator.h; sourceTree = "<group>"; };
		71BF106C1DE1F2070092DAE1 /* TestCommand.cpp */ = {isa = PBXFileReference; fileEncoding = 4; lastKnownFileType = sourcecode.cpp.cpp; path = TestCommand.cpp; sourceTree = "<group>"; };
		71BF106D1DE1F2070092DAE1 /* TestCommand.h */ = {isa = PBXFileReference; fileEncoding = 4; lastKnownFileType = sourcecode.c.h; path = TestCommand.h; sourceTree = "<group>"; };
		71BF106F1DE23DE50092DAE1 /* TestDoubleExecutionCommandExecutor.cpp */ = {isa = PBXFileReference; fileEncoding = 4; lastKnownFileType = sourcecode.cpp.cpp; path = TestDoubleExecutionCommandExecutor.cpp; sourceTree = "<group>"; };
		71BF10701DE23DE50092DAE1 /* TestDoubleExecutionCommandExecutor.h */ = {isa = PBXFileReference; fileEncoding = 4; lastKnownFileType = sourcecode.c.h; path = TestDoubleExecutionCommandExecutor.h; sourceTree = "<group>"; };
		71BF10721DE244C90092DAE1 /* SerialLoggerCommandExecutor.cpp */ = {isa = PBXFileReference; fileEncoding = 4; lastKnownFileType = sourcecode.cpp.cpp; path = SerialLoggerCommandExecutor.cpp; sourceTree = "<group>"; };
		71BF10731DE244C90092DAE1 /* SerialLoggerCommandExecutor.h */ = {isa = PBXFileReference; fileEncoding = 4; lastKnownFileType = sourcecode.c.h; path = SerialLoggerCommandExecutor.h; sourceTree = "<group>"; };
		71BF10751DE2498B0092DAE1 /* CommandFactory.cpp */ = {isa = PBXFileReference; fileEncoding = 4; lastKnownFileType = sourcecode.cpp.cpp; path = CommandFactory.cpp; sourceTree = "<group>"; };
		71BF10761DE2498B0092DAE1 /* CommandFactory.h */ = {isa = PBXFileReference; fileEncoding = 4; lastKnownFileType = sourcecode.c.h; path = CommandFactory.h; sourceTree = "<group>"; };
		71BF10781DE24AA20092DAE1 /* NullCommand.cpp */ = {isa = PBXFileReference; fileEncoding = 4; lastKnownFileType = sourcecode.cpp.cpp; path = NullCommand.cpp; sourceTree = "<group>"; };
		71BF10791DE24AA20092DAE1 /* NullCommand.h */ = {isa = PBXFileReference; fileEncoding = 4; lastKnownFileType = sourcecode.c.h; path = NullCommand.h; sourceTree = "<group>"; };
		71BF107B1DE24BC30092DAE1 /* LedPanelOnCommand.cpp */ = {isa = PBXFileReference; fileEncoding = 4; lastKnownFileType = sourcecode.cpp.cpp; path = LedPanelOnCommand.cpp; sourceTree = "<group>"; };
		71BF107C1DE24BC30092DAE1 /* LedPanelOnCommand.h */ = {isa = PBXFileReference; fileEncoding = 4; lastKnownFileType = sourcecode.c.h; path = LedPanelOnCommand.h; sourceTree = "<group>"; };
		71BF107E1DE24DEC0092DAE1 /* Particle.h */ = {isa = PBXFileReference; fileEncoding = 4; lastKnownFileType = sourcecode.c.h; path = Particle.h; sourceTree = "<group>"; };
		71BF107F1DE260980092DAE1 /* LedPanelOffCommand.cpp */ = {isa = PBXFileReference; fileEncoding = 4; lastKnownFileType = sourcecode.cpp.cpp; path = LedPanelOffCommand.cpp; sourceTree = "<group>"; };
		71BF10801DE260980092DAE1 /* LedPanelOffCommand.h */ = {isa = PBXFileReference; fileEncoding = 4; lastKnownFileType = sourcecode.c.h; path = LedPanelOffCommand.h; sourceTree = "<group>"; };
		71BF10821DE2626A0092DAE1 /* CommandsName.h */ = {isa = PBXFileReference; fileEncoding = 4; lastKnownFileType = sourcecode.c.h; path = CommandsName.h; sourceTree = "<group>"; };
		71BF10831DE265DE0092DAE1 /* LivingRoomLampOnCommand.cpp */ = {isa = PBXFileReference; fileEncoding = 4; lastKnownFileType = sourcecode.cpp.cpp; path = LivingRoomLampOnCommand.cpp; sourceTree = "<group>"; };
		71BF10841DE265DE0092DAE1 /* LivingRoomLampOnCommand.h */ = {isa = PBXFileReference; fileEncoding = 4; lastKnownFileType = sourcecode.c.h; path = LivingRoomLampOnCommand.h; sourceTree = "<group>"; };
		71BF10891DE267460092DAE1 /* Pinout.h */ = {isa = PBXFileReference; fileEncoding = 4; lastKnownFileType = sourcecode.c.h; path = Pinout.h; sourceTree = "<group>"; };
		71BF108A1DE26A0E0092DAE1 /* AukeyCommandCodes.h */ = {isa = PBXFileReference; fileEncoding = 4; lastKnownFileType = sourcecode.c.h; path = AukeyCommandCodes.h; sourceTree = "<group>"; };
		71BF108B1DE26AE90092DAE1 /* LivingRoomLampOffCommand.cpp */ = {isa = PBXFileReference; fileEncoding = 4; lastKnownFileType = sourcecode.cpp.cpp; path = LivingRoomLampOffCommand.cpp; sourceTree = "<group>"; };
		71BF108C1DE26AE90092DAE1 /* LivingRoomLampOffCommand.h */ = {isa = PBXFileReference; fileEncoding = 4; lastKnownFileType = sourcecode.c.h; path = LivingRoomLampOffCommand.h; sourceTree = "<group>"; };
		71F939861DE275E80010DA95 /* LedIndicatorCommandExecutor.cpp */ = {isa = PBXFileReference; fileEncoding = 4; lastKnownFileType = sourcecode.cpp.cpp; path = LedIndicatorCommandExecutor.cpp; sourceTree = "<group>"; };
		71F939871DE275E80010DA95 /* LedIndicatorCommandExecutor.h */ = {isa = PBXFileReference; fileEncoding = 4; lastKnownFileType = sourcecode.c.h; path = LedIndicatorCommandExecutor.h; sourceTree = "<group>"; };
/* End PBXFileReference section */

/* Begin PBXFrameworksBuildPhase section */
		71BF104D1DE0BE640092DAE1 /* Frameworks */ = {
			isa = PBXFrameworksBuildPhase;
			buildActionMask = 2147483647;
			files = (
			);
			runOnlyForDeploymentPostprocessing = 0;
		};
/* End PBXFrameworksBuildPhase section */

/* Begin PBXGroup section */
		71BF10471DE0BE640092DAE1 = {
			isa = PBXGroup;
			children = (
				71089A621DF32847000D234D /* Ambrogio.h */,
				71089A5F1DF326EB000D234D /* RCSwitchMock.cpp */,
				71089A601DF326EB000D234D /* RCSwitchMock.h */,
				71BF108A1DE26A0E0092DAE1 /* AukeyCommandCodes.h */,
				71089A5C1DF316F7000D234D /* AukeyCommand.cpp */,
				71089A5D1DF316F7000D234D /* AukeyCommand.h */,
				71F939861DE275E80010DA95 /* LedIndicatorCommandExecutor.cpp */,
				71F939871DE275E80010DA95 /* LedIndicatorCommandExecutor.h */,
				71BF108B1DE26AE90092DAE1 /* LivingRoomLampOffCommand.cpp */,
				71BF108C1DE26AE90092DAE1 /* LivingRoomLampOffCommand.h */,
				71BF10891DE267460092DAE1 /* Pinout.h */,
				71BF10831DE265DE0092DAE1 /* LivingRoomLampOnCommand.cpp */,
				71BF10841DE265DE0092DAE1 /* LivingRoomLampOnCommand.h */,
				71BF10821DE2626A0092DAE1 /* CommandsName.h */,
				71BF107F1DE260980092DAE1 /* LedPanelOffCommand.cpp */,
				71BF10801DE260980092DAE1 /* LedPanelOffCommand.h */,
				71BF107E1DE24DEC0092DAE1 /* Particle.h */,
				71BF107B1DE24BC30092DAE1 /* LedPanelOnCommand.cpp */,
				71BF107C1DE24BC30092DAE1 /* LedPanelOnCommand.h */,
				71BF10781DE24AA20092DAE1 /* NullCommand.cpp */,
				71BF10791DE24AA20092DAE1 /* NullCommand.h */,
				71BF10751DE2498B0092DAE1 /* CommandFactory.cpp */,
				71BF10761DE2498B0092DAE1 /* CommandFactory.h */,
				71BF10721DE244C90092DAE1 /* SerialLoggerCommandExecutor.cpp */,
				71BF10731DE244C90092DAE1 /* SerialLoggerCommandExecutor.h */,
				71BF106F1DE23DE50092DAE1 /* TestDoubleExecutionCommandExecutor.cpp */,
				71BF10701DE23DE50092DAE1 /* TestDoubleExecutionCommandExecutor.h */,
				71BF106C1DE1F2070092DAE1 /* TestCommand.cpp */,
				71BF106D1DE1F2070092DAE1 /* TestCommand.h */,
				71BF10691DE1F1C60092DAE1 /* CommandExecutorDecorator.cpp */,
				71BF106A1DE1F1C60092DAE1 /* CommandExecutorDecorator.h */,
				71BF10661DE1ED250092DAE1 /* CommandExecutor.cpp */,
				71BF10671DE1ED250092DAE1 /* CommandExecutor.h */,
				71BF10641DE1EC5B0092DAE1 /* Command.h */,
				71BF105C1DE1EB7D0092DAE1 /* Tests */,
				71BF10511DE0BE640092DAE1 /* Products */,
			);
			sourceTree = "<group>";
		};
		71BF10511DE0BE640092DAE1 /* Products */ = {
			isa = PBXGroup;
			children = (
				71BF10501DE0BE640092DAE1 /* Ambrogio */,
			);
			name = Products;
			sourceTree = "<group>";
		};
		71BF105C1DE1EB7D0092DAE1 /* Tests */ = {
			isa = PBXGroup;
			children = (
				71BF105A1DE1EB6F0092DAE1 /* main.cpp */,
			);
			name = Tests;
			sourceTree = "<group>";
		};
/* End PBXGroup section */

/* Begin PBXNativeTarget section */
		71BF104F1DE0BE640092DAE1 /* Ambrogio */ = {
			isa = PBXNativeTarget;
			buildConfigurationList = 71BF10571DE0BE640092DAE1 /* Build configuration list for PBXNativeTarget "Ambrogio" */;
			buildPhases = (
				71BF104C1DE0BE640092DAE1 /* Sources */,
				71BF104D1DE0BE640092DAE1 /* Frameworks */,
				71BF104E1DE0BE640092DAE1 /* CopyFiles */,
			);
			buildRules = (
			);
			dependencies = (
			);
			name = Ambrogio;
			productName = Ambrogio;
			productReference = 71BF10501DE0BE640092DAE1 /* Ambrogio */;
			productType = "com.apple.product-type.tool";
		};
/* End PBXNativeTarget section */

/* Begin PBXProject section */
		71BF10481DE0BE640092DAE1 /* Project object */ = {
			isa = PBXProject;
			attributes = {
				LastUpgradeCheck = 0810;
				ORGANIZATIONNAME = "Michele Gruppioni";
				TargetAttributes = {
					71BF104F1DE0BE640092DAE1 = {
						CreatedOnToolsVersion = 8.1;
						DevelopmentTeam = 975R26MN46;
						ProvisioningStyle = Automatic;
					};
				};
			};
			buildConfigurationList = 71BF104B1DE0BE640092DAE1 /* Build configuration list for PBXProject "Ambrogio" */;
			compatibilityVersion = "Xcode 3.2";
			developmentRegion = English;
			hasScannedForEncodings = 0;
			knownRegions = (
				en,
			);
			mainGroup = 71BF10471DE0BE640092DAE1;
			productRefGroup = 71BF10511DE0BE640092DAE1 /* Products */;
			projectDirPath = "";
			projectRoot = "";
			targets = (
				71BF104F1DE0BE640092DAE1 /* Ambrogio */,
			);
		};
/* End PBXProject section */

/* Begin PBXSourcesBuildPhase section */
		71BF104C1DE0BE640092DAE1 /* Sources */ = {
			isa = PBXSourcesBuildPhase;
			buildActionMask = 2147483647;
			files = (
				71BF10741DE244C90092DAE1 /* SerialLoggerCommandExecutor.cpp in Sources */,
				71BF10771DE2498B0092DAE1 /* CommandFactory.cpp in Sources */,
				71BF107A1DE24AA20092DAE1 /* NullCommand.cpp in Sources */,
				71089A611DF326EB000D234D /* RCSwitchMock.cpp in Sources */,
				71BF10851DE265DE0092DAE1 /* LivingRoomLampOnCommand.cpp in Sources */,
				71BF106E1DE1F2070092DAE1 /* TestCommand.cpp in Sources */,
				71BF108D1DE26AE90092DAE1 /* LivingRoomLampOffCommand.cpp in Sources */,
				71F939881DE275E80010DA95 /* LedIndicatorCommandExecutor.cpp in Sources */,
				71BF107D1DE24BC30092DAE1 /* LedPanelOnCommand.cpp in Sources */,
				71BF106B1DE1F1C60092DAE1 /* CommandExecutorDecorator.cpp in Sources */,
				71089A5E1DF316F7000D234D /* AukeyCommand.cpp in Sources */,
				71BF10681DE1ED250092DAE1 /* CommandExecutor.cpp in Sources */,
				71BF10711DE23DE50092DAE1 /* TestDoubleExecutionCommandExecutor.cpp in Sources */,
				71BF10811DE260980092DAE1 /* LedPanelOffCommand.cpp in Sources */,
				71BF105B1DE1EB6F0092DAE1 /* main.cpp in Sources */,
			);
			runOnlyForDeploymentPostprocessing = 0;
		};
/* End PBXSourcesBuildPhase section */

/* Begin XCBuildConfiguration section */
		71BF10551DE0BE640092DAE1 /* Debug */ = {
			isa = XCBuildConfiguration;
			buildSettings = {
				ALWAYS_SEARCH_USER_PATHS = NO;
				CLANG_ANALYZER_NONNULL = YES;
				CLANG_CXX_LANGUAGE_STANDARD = "gnu++0x";
				CLANG_CXX_LIBRARY = "libc++";
				CLANG_ENABLE_MODULES = YES;
				CLANG_ENABLE_OBJC_ARC = YES;
				CLANG_WARN_BOOL_CONVERSION = YES;
				CLANG_WARN_CONSTANT_CONVERSION = YES;
				CLANG_WARN_DIRECT_OBJC_ISA_USAGE = YES_ERROR;
				CLANG_WARN_DOCUMENTATION_COMMENTS = YES;
				CLANG_WARN_EMPTY_BODY = YES;
				CLANG_WARN_ENUM_CONVERSION = YES;
				CLANG_WARN_INFINITE_RECURSION = YES;
				CLANG_WARN_INT_CONVERSION = YES;
				CLANG_WARN_OBJC_ROOT_CLASS = YES_ERROR;
				CLANG_WARN_SUSPICIOUS_MOVES = YES;
				CLANG_WARN_UNREACHABLE_CODE = YES;
				CLANG_WARN__DUPLICATE_METHOD_MATCH = YES;
				CODE_SIGN_IDENTITY = "-";
				COPY_PHASE_STRIP = NO;
				DEBUG_INFORMATION_FORMAT = dwarf;
				ENABLE_STRICT_OBJC_MSGSEND = YES;
				ENABLE_TESTABILITY = YES;
				GCC_C_LANGUAGE_STANDARD = gnu99;
				GCC_DYNAMIC_NO_PIC = NO;
				GCC_NO_COMMON_BLOCKS = YES;
				GCC_OPTIMIZATION_LEVEL = 0;
				GCC_PREPROCESSOR_DEFINITIONS = (
					"DEBUG=1",
					"$(inherited)",
				);
				GCC_WARN_64_TO_32_BIT_CONVERSION = YES;
				GCC_WARN_ABOUT_RETURN_TYPE = YES_ERROR;
				GCC_WARN_UNDECLARED_SELECTOR = YES;
				GCC_WARN_UNINITIALIZED_AUTOS = YES_AGGRESSIVE;
				GCC_WARN_UNUSED_FUNCTION = YES;
				GCC_WARN_UNUSED_VARIABLE = YES;
				MACOSX_DEPLOYMENT_TARGET = 10.12;
				MTL_ENABLE_DEBUG_INFO = YES;
				ONLY_ACTIVE_ARCH = YES;
				SDKROOT = macosx;
			};
			name = Debug;
		};
		71BF10561DE0BE640092DAE1 /* Release */ = {
			isa = XCBuildConfiguration;
			buildSettings = {
				ALWAYS_SEARCH_USER_PATHS = NO;
				CLANG_ANALYZER_NONNULL = YES;
				CLANG_CXX_LANGUAGE_STANDARD = "gnu++0x";
				CLANG_CXX_LIBRARY = "libc++";
				CLANG_ENABLE_MODULES = YES;
				CLANG_ENABLE_OBJC_ARC = YES;
				CLANG_WARN_BOOL_CONVERSION = YES;
				CLANG_WARN_CONSTANT_CONVERSION = YES;
				CLANG_WARN_DIRECT_OBJC_ISA_USAGE = YES_ERROR;
				CLANG_WARN_DOCUMENTATION_COMMENTS = YES;
				CLANG_WARN_EMPTY_BODY = YES;
				CLANG_WARN_ENUM_CONVERSION = YES;
				CLANG_WARN_INFINITE_RECURSION = YES;
				CLANG_WARN_INT_CONVERSION = YES;
				CLANG_WARN_OBJC_ROOT_CLASS = YES_ERROR;
				CLANG_WARN_SUSPICIOUS_MOVES = YES;
				CLANG_WARN_UNREACHABLE_CODE = YES;
				CLANG_WARN__DUPLICATE_METHOD_MATCH = YES;
				CODE_SIGN_IDENTITY = "-";
				COPY_PHASE_STRIP = NO;
				DEBUG_INFORMATION_FORMAT = "dwarf-with-dsym";
				ENABLE_NS_ASSERTIONS = NO;
				ENABLE_STRICT_OBJC_MSGSEND = YES;
				GCC_C_LANGUAGE_STANDARD = gnu99;
				GCC_NO_COMMON_BLOCKS = YES;
				GCC_WARN_64_TO_32_BIT_CONVERSION = YES;
				GCC_WARN_ABOUT_RETURN_TYPE = YES_ERROR;
				GCC_WARN_UNDECLARED_SELECTOR = YES;
				GCC_WARN_UNINITIALIZED_AUTOS = YES_AGGRESSIVE;
				GCC_WARN_UNUSED_FUNCTION = YES;
				GCC_WARN_UNUSED_VARIABLE = YES;
				MACOSX_DEPLOYMENT_TARGET = 10.12;
				MTL_ENABLE_DEBUG_INFO = NO;
				SDKROOT = macosx;
			};
			name = Release;
		};
		71BF10581DE0BE640092DAE1 /* Debug */ = {
			isa = XCBuildConfiguration;
			buildSettings = {
				DEVELOPMENT_TEAM = 975R26MN46;
				OTHER_CPLUSPLUSFLAGS = (
					"-D",
					TEST,
					"$(OTHER_CFLAGS)",
				);
				PRODUCT_NAME = "$(TARGET_NAME)";
			};
			name = Debug;
		};
		71BF10591DE0BE640092DAE1 /* Release */ = {
			isa = XCBuildConfiguration;
			buildSettings = {
				DEVELOPMENT_TEAM = 975R26MN46;
				OTHER_CPLUSPLUSFLAGS = (
					"-D",
					TEST,
					"$(OTHER_CFLAGS)",
				);
				PRODUCT_NAME = "$(TARGET_NAME)";
			};
			name = Release;
		};
/* End XCBuildConfiguration section */

/* Begin XCConfigurationList section */
		71BF104B1DE0BE640092DAE1 /* Build configuration list for PBXProject "Ambrogio" */ = {
			isa = XCConfigurationList;
			buildConfigurations = (
				71BF10551DE0BE640092DAE1 /* Debug */,
				71BF10561DE0BE640092DAE1 /* Release */,
			);
			defaultConfigurationIsVisible = 0;
			defaultConfigurationName = Release;
		};
		71BF10571DE0BE640092DAE1 /* Build configuration list for PBXNativeTarget "Ambrogio" */ = {
			isa = XCConfigurationList;
			buildConfigurations = (
				71BF10581DE0BE640092DAE1 /* Debug */,
				71BF10591DE0BE640092DAE1 /* Release */,
			);
			defaultConfigurationIsVisible = 0;
			defaultConfigurationName = Release;
		};
/* End XCConfigurationList section */
	};
	rootObject = 71BF10481DE0BE640092DAE1 /* Project object */;
}
